// !$*UTF8*$!
{
	archiveVersion = 1;
	classes = {
	};
	objectVersion = 55;
	objects = {

/* Begin PBXBuildFile section */
		71D686EC272D7F5800131B3E /* MapKitAndBiometricAuthApp.swift in Sources */ = {isa = PBXBuildFile; fileRef = 71D686EB272D7F5800131B3E /* MapKitAndBiometricAuthApp.swift */; };
		71D686EE272D7F5800131B3E /* ContentView.swift in Sources */ = {isa = PBXBuildFile; fileRef = 71D686ED272D7F5800131B3E /* ContentView.swift */; };
		71D686F0272D7F5900131B3E /* Assets.xcassets in Resources */ = {isa = PBXBuildFile; fileRef = 71D686EF272D7F5900131B3E /* Assets.xcassets */; };
		71D686F3272D7F5900131B3E /* Preview Assets.xcassets in Resources */ = {isa = PBXBuildFile; fileRef = 71D686F2272D7F5900131B3E /* Preview Assets.xcassets */; };
		71D686FA272D956600131B3E /* ConformanceToComparableCustomType.swift in Sources */ = {isa = PBXBuildFile; fileRef = 71D686F9272D956600131B3E /* ConformanceToComparableCustomType.swift */; };
		71D686FC272D97C700131B3E /* WritindDataToDocuments.swift in Sources */ = {isa = PBXBuildFile; fileRef = 71D686FB272D97C700131B3E /* WritindDataToDocuments.swift */; };
		71D68700272D9B5700131B3E /* BundleFilemanager.swift in Sources */ = {isa = PBXBuildFile; fileRef = 71D686FF272D9B5700131B3E /* BundleFilemanager.swift */; };
		71D68702272DA49D00131B3E /* SwitchingViewEnums.swift in Sources */ = {isa = PBXBuildFile; fileRef = 71D68701272DA49D00131B3E /* SwitchingViewEnums.swift */; };
		71E28BB0272E70A600363322 /* MapView.swift in Sources */ = {isa = PBXBuildFile; fileRef = 71E28BAF272E70A600363322 /* MapView.swift */; };
		71E28BB2272E725B00363322 /* MapContentView.swift in Sources */ = {isa = PBXBuildFile; fileRef = 71E28BB1272E725B00363322 /* MapContentView.swift */; };
		71E28BB4272E826400363322 /* BiometricAuth.swift in Sources */ = {isa = PBXBuildFile; fileRef = 71E28BB3272E826400363322 /* BiometricAuth.swift */; };
/* End PBXBuildFile section */

/* Begin PBXFileReference section */
		71D686E8272D7F5800131B3E /* MapKitAndBiometricAuth.app */ = {isa = PBXFileReference; explicitFileType = wrapper.application; includeInIndex = 0; path = MapKitAndBiometricAuth.app; sourceTree = BUILT_PRODUCTS_DIR; };
		71D686EB272D7F5800131B3E /* MapKitAndBiometricAuthApp.swift */ = {isa = PBXFileReference; lastKnownFileType = sourcecode.swift; path = MapKitAndBiometricAuthApp.swift; sourceTree = "<group>"; };
		71D686ED272D7F5800131B3E /* ContentView.swift */ = {isa = PBXFileReference; lastKnownFileType = sourcecode.swift; path = ContentView.swift; sourceTree = "<group>"; };
		71D686EF272D7F5900131B3E /* Assets.xcassets */ = {isa = PBXFileReference; lastKnownFileType = folder.assetcatalog; path = Assets.xcassets; sourceTree = "<group>"; };
		71D686F2272D7F5900131B3E /* Preview Assets.xcassets */ = {isa = PBXFileReference; lastKnownFileType = folder.assetcatalog; path = "Preview Assets.xcassets"; sourceTree = "<group>"; };
		71D686F9272D956600131B3E /* ConformanceToComparableCustomType.swift */ = {isa = PBXFileReference; lastKnownFileType = sourcecode.swift; path = ConformanceToComparableCustomType.swift; sourceTree = "<group>"; };
		71D686FB272D97C700131B3E /* WritindDataToDocuments.swift */ = {isa = PBXFileReference; lastKnownFileType = sourcecode.swift; path = WritindDataToDocuments.swift; sourceTree = "<group>"; };
		71D686FF272D9B5700131B3E /* BundleFilemanager.swift */ = {isa = PBXFileReference; lastKnownFileType = sourcecode.swift; path = BundleFilemanager.swift; sourceTree = "<group>"; };
		71D68701272DA49D00131B3E /* SwitchingViewEnums.swift */ = {isa = PBXFileReference; lastKnownFileType = sourcecode.swift; path = SwitchingViewEnums.swift; sourceTree = "<group>"; };
		71E28BAF272E70A600363322 /* MapView.swift */ = {isa = PBXFileReference; lastKnownFileType = sourcecode.swift; path = MapView.swift; sourceTree = "<group>"; };
		71E28BB1272E725B00363322 /* MapContentView.swift */ = {isa = PBXFileReference; lastKnownFileType = sourcecode.swift; path = MapContentView.swift; sourceTree = "<group>"; };
		71E28BB3272E826400363322 /* BiometricAuth.swift */ = {isa = PBXFileReference; lastKnownFileType = sourcecode.swift; path = BiometricAuth.swift; sourceTree = "<group>"; };
/* End PBXFileReference section */

/* Begin PBXFrameworksBuildPhase section */
		71D686E5272D7F5800131B3E /* Frameworks */ = {
			isa = PBXFrameworksBuildPhase;
			buildActionMask = 2147483647;
			files = (
			);
			runOnlyForDeploymentPostprocessing = 0;
		};
/* End PBXFrameworksBuildPhase section */

/* Begin PBXGroup section */
		71D686DF272D7F5800131B3E = {
			isa = PBXGroup;
			children = (
				71D686EA272D7F5800131B3E /* MapKitAndBiometricAuth */,
				71D686E9272D7F5800131B3E /* Products */,
			);
			sourceTree = "<group>";
		};
		71D686E9272D7F5800131B3E /* Products */ = {
			isa = PBXGroup;
			children = (
				71D686E8272D7F5800131B3E /* MapKitAndBiometricAuth.app */,
			);
			name = Products;
			sourceTree = "<group>";
		};
		71D686EA272D7F5800131B3E /* MapKitAndBiometricAuth */ = {
			isa = PBXGroup;
			children = (
				71D686EB272D7F5800131B3E /* MapKitAndBiometricAuthApp.swift */,
				71D686ED272D7F5800131B3E /* ContentView.swift */,
				71E28BAF272E70A600363322 /* MapView.swift */,
				71E28BB3272E826400363322 /* BiometricAuth.swift */,
				71E28BB1272E725B00363322 /* MapContentView.swift */,
				71D686F9272D956600131B3E /* ConformanceToComparableCustomType.swift */,
				71D686FB272D97C700131B3E /* WritindDataToDocuments.swift */,
				71D686FF272D9B5700131B3E /* BundleFilemanager.swift */,
				71D68701272DA49D00131B3E /* SwitchingViewEnums.swift */,
				71D686EF272D7F5900131B3E /* Assets.xcassets */,
				71D686F1272D7F5900131B3E /* Preview Content */,
			);
			path = MapKitAndBiometricAuth;
			sourceTree = "<group>";
		};
		71D686F1272D7F5900131B3E /* Preview Content */ = {
			isa = PBXGroup;
			children = (
				71D686F2272D7F5900131B3E /* Preview Assets.xcassets */,
			);
			path = "Preview Content";
			sourceTree = "<group>";
		};
/* End PBXGroup section */

/* Begin PBXNativeTarget section */
		71D686E7272D7F5800131B3E /* MapKitAndBiometricAuth */ = {
			isa = PBXNativeTarget;
			buildConfigurationList = 71D686F6272D7F5900131B3E /* Build configuration list for PBXNativeTarget "MapKitAndBiometricAuth" */;
			buildPhases = (
				71D686E4272D7F5800131B3E /* Sources */,
				71D686E5272D7F5800131B3E /* Frameworks */,
				71D686E6272D7F5800131B3E /* Resources */,
			);
			buildRules = (
			);
			dependencies = (
			);
			name = MapKitAndBiometricAuth;
			productName = MapKitAndBiometricAuth;
			productReference = 71D686E8272D7F5800131B3E /* MapKitAndBiometricAuth.app */;
			productType = "com.apple.product-type.application";
		};
/* End PBXNativeTarget section */

/* Begin PBXProject section */
		71D686E0272D7F5800131B3E /* Project object */ = {
			isa = PBXProject;
			attributes = {
				BuildIndependentTargetsInParallel = 1;
				LastSwiftUpdateCheck = 1310;
				LastUpgradeCheck = 1310;
				TargetAttributes = {
					71D686E7272D7F5800131B3E = {
						CreatedOnToolsVersion = 13.1;
					};
				};
			};
			buildConfigurationList = 71D686E3272D7F5800131B3E /* Build configuration list for PBXProject "MapKitAndBiometricAuth" */;
			compatibilityVersion = "Xcode 13.0";
			developmentRegion = en;
			hasScannedForEncodings = 0;
			knownRegions = (
				en,
				Base,
			);
			mainGroup = 71D686DF272D7F5800131B3E;
			productRefGroup = 71D686E9272D7F5800131B3E /* Products */;
			projectDirPath = "";
			projectRoot = "";
			targets = (
				71D686E7272D7F5800131B3E /* MapKitAndBiometricAuth */,
			);
		};
/* End PBXProject section */

/* Begin PBXResourcesBuildPhase section */
		71D686E6272D7F5800131B3E /* Resources */ = {
			isa = PBXResourcesBuildPhase;
			buildActionMask = 2147483647;
			files = (
				71D686F3272D7F5900131B3E /* Preview Assets.xcassets in Resources */,
				71D686F0272D7F5900131B3E /* Assets.xcassets in Resources */,
			);
			runOnlyForDeploymentPostprocessing = 0;
		};
/* End PBXResourcesBuildPhase section */

/* Begin PBXSourcesBuildPhase section */
		71D686E4272D7F5800131B3E /* Sources */ = {
			isa = PBXSourcesBuildPhase;
			buildActionMask = 2147483647;
			files = (
				71D68702272DA49D00131B3E /* SwitchingViewEnums.swift in Sources */,
				71E28BB0272E70A600363322 /* MapView.swift in Sources */,
				71D686FA272D956600131B3E /* ConformanceToComparableCustomType.swift in Sources */,
				71E28BB2272E725B00363322 /* MapContentView.swift in Sources */,
				71D686EE272D7F5800131B3E /* ContentView.swift in Sources */,
				71D686EC272D7F5800131B3E /* MapKitAndBiometricAuthApp.swift in Sources */,
				71E28BB4272E826400363322 /* BiometricAuth.swift in Sources */,
				71D686FC272D97C700131B3E /* WritindDataToDocuments.swift in Sources */,
				71D68700272D9B5700131B3E /* BundleFilemanager.swift in Sources */,
			);
			runOnlyForDeploymentPostprocessing = 0;
		};
/* End PBXSourcesBuildPhase section */

/* Begin XCBuildConfiguration section */
		71D686F4272D7F5900131B3E /* Debug */ = {
			isa = XCBuildConfiguration;
			buildSettings = {
				ALWAYS_SEARCH_USER_PATHS = NO;
				CLANG_ANALYZER_NONNULL = YES;
				CLANG_ANALYZER_NUMBER_OBJECT_CONVERSION = YES_AGGRESSIVE;
				CLANG_CXX_LANGUAGE_STANDARD = "gnu++17";
				CLANG_CXX_LIBRARY = "libc++";
				CLANG_ENABLE_MODULES = YES;
				CLANG_ENABLE_OBJC_ARC = YES;
				CLANG_ENABLE_OBJC_WEAK = YES;
				CLANG_WARN_BLOCK_CAPTURE_AUTORELEASING = YES;
				CLANG_WARN_BOOL_CONVERSION = YES;
				CLANG_WARN_COMMA = YES;
				CLANG_WARN_CONSTANT_CONVERSION = YES;
				CLANG_WARN_DEPRECATED_OBJC_IMPLEMENTATIONS = YES;
				CLANG_WARN_DIRECT_OBJC_ISA_USAGE = YES_ERROR;
				CLANG_WARN_DOCUMENTATION_COMMENTS = YES;
				CLANG_WARN_EMPTY_BODY = YES;
				CLANG_WARN_ENUM_CONVERSION = YES;
				CLANG_WARN_INFINITE_RECURSION = YES;
				CLANG_WARN_INT_CONVERSION = YES;
				CLANG_WARN_NON_LITERAL_NULL_CONVERSION = YES;
				CLANG_WARN_OBJC_IMPLICIT_RETAIN_SELF = YES;
				CLANG_WARN_OBJC_LITERAL_CONVERSION = YES;
				CLANG_WARN_OBJC_ROOT_CLASS = YES_ERROR;
				CLANG_WARN_QUOTED_INCLUDE_IN_FRAMEWORK_HEADER = YES;
				CLANG_WARN_RANGE_LOOP_ANALYSIS = YES;
				CLANG_WARN_STRICT_PROTOTYPES = YES;
				CLANG_WARN_SUSPICIOUS_MOVE = YES;
				CLANG_WARN_UNGUARDED_AVAILABILITY = YES_AGGRESSIVE;
				CLANG_WARN_UNREACHABLE_CODE = YES;
				CLANG_WARN__DUPLICATE_METHOD_MATCH = YES;
				COPY_PHASE_STRIP = NO;
				DEBUG_INFORMATION_FORMAT = dwarf;
				ENABLE_STRICT_OBJC_MSGSEND = YES;
				ENABLE_TESTABILITY = YES;
				GCC_C_LANGUAGE_STANDARD = gnu11;
				GCC_DYNAMIC_NO_PIC = NO;
				GCC_NO_COMMON_BLOCKS = YES;
				GCC_OPTIMIZATION_LEVEL = 0;
				GCC_PREPROCESSOR_DEFINITIONS = (
					"DEBUG=1",
					"$(inherited)",
				);
				GCC_WARN_64_TO_32_BIT_CONVERSION = YES;
				GCC_WARN_ABOUT_RETURN_TYPE = YES_ERROR;
				GCC_WARN_UNDECLARED_SELECTOR = YES;
				GCC_WARN_UNINITIALIZED_AUTOS = YES_AGGRESSIVE;
				GCC_WARN_UNUSED_FUNCTION = YES;
				GCC_WARN_UNUSED_VARIABLE = YES;
				IPHONEOS_DEPLOYMENT_TARGET = 15.0;
				MTL_ENABLE_DEBUG_INFO = INCLUDE_SOURCE;
				MTL_FAST_MATH = YES;
				ONLY_ACTIVE_ARCH = YES;
				SDKROOT = iphoneos;
				SWIFT_ACTIVE_COMPILATION_CONDITIONS = DEBUG;
				SWIFT_OPTIMIZATION_LEVEL = "-Onone";
			};
			name = Debug;
		};
		71D686F5272D7F5900131B3E /* Release */ = {
			isa = XCBuildConfiguration;
			buildSettings = {
				ALWAYS_SEARCH_USER_PATHS = NO;
				CLANG_ANALYZER_NONNULL = YES;
				CLANG_ANALYZER_NUMBER_OBJECT_CONVERSION = YES_AGGRESSIVE;
				CLANG_CXX_LANGUAGE_STANDARD = "gnu++17";
				CLANG_CXX_LIBRARY = "libc++";
				CLANG_ENABLE_MODULES = YES;
				CLANG_ENABLE_OBJC_ARC = YES;
				CLANG_ENABLE_OBJC_WEAK = YES;
				CLANG_WARN_BLOCK_CAPTURE_AUTORELEASING = YES;
				CLANG_WARN_BOOL_CONVERSION = YES;
				CLANG_WARN_COMMA = YES;
				CLANG_WARN_CONSTANT_CONVERSION = YES;
				CLANG_WARN_DEPRECATED_OBJC_IMPLEMENTATIONS = YES;
				CLANG_WARN_DIRECT_OBJC_ISA_USAGE = YES_ERROR;
				CLANG_WARN_DOCUMENTATION_COMMENTS = YES;
				CLANG_WARN_EMPTY_BODY = YES;
				CLANG_WARN_ENUM_CONVERSION = YES;
				CLANG_WARN_INFINITE_RECURSION = YES;
				CLANG_WARN_INT_CONVERSION = YES;
				CLANG_WARN_NON_LITERAL_NULL_CONVERSION = YES;
				CLANG_WARN_OBJC_IMPLICIT_RETAIN_SELF = YES;
				CLANG_WARN_OBJC_LITERAL_CONVERSION = YES;
				CLANG_WARN_OBJC_ROOT_CLASS = YES_ERROR;
				CLANG_WARN_QUOTED_INCLUDE_IN_FRAMEWORK_HEADER = YES;
				CLANG_WARN_RANGE_LOOP_ANALYSIS = YES;
				CLANG_WARN_STRICT_PROTOTYPES = YES;
				CLANG_WARN_SUSPICIOUS_MOVE = YES;
				CLANG_WARN_UNGUARDED_AVAILABILITY = YES_AGGRESSIVE;
				CLANG_WARN_UNREACHABLE_CODE = YES;
				CLANG_WARN__DUPLICATE_METHOD_MATCH = YES;
				COPY_PHASE_STRIP = NO;
				DEBUG_INFORMATION_FORMAT = "dwarf-with-dsym";
				ENABLE_NS_ASSERTIONS = NO;
				ENABLE_STRICT_OBJC_MSGSEND = YES;
				GCC_C_LANGUAGE_STANDARD = gnu11;
				GCC_NO_COMMON_BLOCKS = YES;
				GCC_WARN_64_TO_32_BIT_CONVERSION = YES;
				GCC_WARN_ABOUT_RETURN_TYPE = YES_ERROR;
				GCC_WARN_UNDECLARED_SELECTOR = YES;
				GCC_WARN_UNINITIALIZED_AUTOS = YES_AGGRESSIVE;
				GCC_WARN_UNUSED_FUNCTION = YES;
				GCC_WARN_UNUSED_VARIABLE = YES;
				IPHONEOS_DEPLOYMENT_TARGET = 15.0;
				MTL_ENABLE_DEBUG_INFO = NO;
				MTL_FAST_MATH = YES;
				SDKROOT = iphoneos;
				SWIFT_COMPILATION_MODE = wholemodule;
				SWIFT_OPTIMIZATION_LEVEL = "-O";
				VALIDATE_PRODUCT = YES;
			};
			name = Release;
		};
		71D686F7272D7F5900131B3E /* Debug */ = {
			isa = XCBuildConfiguration;
			buildSettings = {
				ASSETCATALOG_COMPILER_APPICON_NAME = AppIcon;
				ASSETCATALOG_COMPILER_GLOBAL_ACCENT_COLOR_NAME = AccentColor;
				CODE_SIGN_STYLE = Automatic;
				CURRENT_PROJECT_VERSION = 1;
				DEVELOPMENT_ASSET_PATHS = "\"MapKitAndBiometricAuth/Preview Content\"";
				DEVELOPMENT_TEAM = G6V85GALCN;
				ENABLE_PREVIEWS = YES;
				GENERATE_INFOPLIST_FILE = YES;
				INFOPLIST_KEY_NSFaceIDUsageDescription = "We need to unlock your data.";
				INFOPLIST_KEY_UIApplicationSceneManifest_Generation = YES;
				INFOPLIST_KEY_UIApplicationSupportsIndirectInputEvents = YES;
				INFOPLIST_KEY_UILaunchScreen_Generation = YES;
				INFOPLIST_KEY_UISupportedInterfaceOrientations_iPad = "UIInterfaceOrientationPortrait UIInterfaceOrientationPortraitUpsideDown UIInterfaceOrientationLandscapeLeft UIInterfaceOrientationLandscapeRight";
				INFOPLIST_KEY_UISupportedInterfaceOrientations_iPhone = "UIInterfaceOrientationPortrait UIInterfaceOrientationLandscapeLeft UIInterfaceOrientationLandscapeRight";
				LD_RUNPATH_SEARCH_PATHS = (
					"$(inherited)",
					"@executable_path/Frameworks",
				);
				MARKETING_VERSION = 1.0;
				PRODUCT_BUNDLE_IDENTIFIER = net.naolin.MapKitAndBiometricAuth;
				PRODUCT_NAME = "$(TARGET_NAME)";
				SWIFT_EMIT_LOC_STRINGS = YES;
				SWIFT_VERSION = 5.0;
				TARGETED_DEVICE_FAMILY = "1,2";
			};
			name = Debug;
		};
		71D686F8272D7F5900131B3E /* Release */ = {
			isa = XCBuildConfiguration;
			buildSettings = {
				ASSETCATALOG_COMPILER_APPICON_NAME = AppIcon;
				ASSETCATALOG_COMPILER_GLOBAL_ACCENT_COLOR_NAME = AccentColor;
				CODE_SIGN_STYLE = Automatic;
				CURRENT_PROJECT_VERSION = 1;
				DEVELOPMENT_ASSET_PATHS = "\"MapKitAndBiometricAuth/Preview Content\"";
				DEVELOPMENT_TEAM = G6V85GALCN;
				ENABLE_PREVIEWS = YES;
				GENERATE_INFOPLIST_FILE = YES;
				INFOPLIST_KEY_NSFaceIDUsageDescription = "We need to unlock your data.";
				INFOPLIST_KEY_UIApplicationSceneManifest_Generation = YES;
				INFOPLIST_KEY_UIApplicationSupportsIndirectInputEvents = YES;
				INFOPLIST_KEY_UILaunchScreen_Generation = YES;
				INFOPLIST_KEY_UISupportedInterfaceOrientations_iPad = "UIInterfaceOrientationPortrait UIInterfaceOrientationPortraitUpsideDown UIInterfaceOrientationLandscapeLeft UIInterfaceOrientationLandscapeRight";
				INFOPLIST_KEY_UISupportedInterfaceOrientations_iPhone = "UIInterfaceOrientationPortrait UIInterfaceOrientationLandscapeLeft UIInterfaceOrientationLandscapeRight";
				LD_RUNPATH_SEARCH_PATHS = (
					"$(inherited)",
					"@executable_path/Frameworks",
				);
				MARKETING_VERSION = 1.0;
				PRODUCT_BUNDLE_IDENTIFIER = net.naolin.MapKitAndBiometricAuth;
				PRODUCT_NAME = "$(TARGET_NAME)";
				SWIFT_EMIT_LOC_STRINGS = YES;
				SWIFT_VERSION = 5.0;
				TARGETED_DEVICE_FAMILY = "1,2";
			};
			name = Release;
		};
/* End XCBuildConfiguration section */

/* Begin XCConfigurationList section */
		71D686E3272D7F5800131B3E /* Build configuration list for PBXProject "MapKitAndBiometricAuth" */ = {
			isa = XCConfigurationList;
			buildConfigurations = (
				71D686F4272D7F5900131B3E /* Debug */,
				71D686F5272D7F5900131B3E /* Release */,
			);
			defaultConfigurationIsVisible = 0;
			defaultConfigurationName = Release;
		};
		71D686F6272D7F5900131B3E /* Build configuration list for PBXNativeTarget "MapKitAndBiometricAuth" */ = {
			isa = XCConfigurationList;
			buildConfigurations = (
				71D686F7272D7F5900131B3E /* Debug */,
				71D686F8272D7F5900131B3E /* Release */,
			);
			defaultConfigurationIsVisible = 0;
			defaultConfigurationName = Release;
		};
/* End XCConfigurationList section */
	};
	rootObject = 71D686E0272D7F5800131B3E /* Project object */;
}
