// !$*UTF8*$!
{
	archiveVersion = 1;
	classes = {
	};
	objectVersion = 55;
	objects = {

/* Begin PBXBuildFile section */
		7184B5A127436E2C0028ABB6 /* SplitSideViews.swift in Sources */ = {isa = PBXBuildFile; fileRef = 7184B5A027436E2C0028ABB6 /* SplitSideViews.swift */; };
		7184B5A3274371730028ABB6 /* OptionalAlertAndSheet.swift in Sources */ = {isa = PBXBuildFile; fileRef = 7184B5A2274371730028ABB6 /* OptionalAlertAndSheet.swift */; };
		7184B5A52743726D0028ABB6 /* BindingAlertAndSheet.swift in Sources */ = {isa = PBXBuildFile; fileRef = 7184B5A42743726D0028ABB6 /* BindingAlertAndSheet.swift */; };
		7184B5A7274375BD0028ABB6 /* GroupsLayoutContainers.swift in Sources */ = {isa = PBXBuildFile; fileRef = 7184B5A6274375BD0028ABB6 /* GroupsLayoutContainers.swift */; };
		71BDFDF327436AE000DDE6B7 /* SplitViewFlexibleLayoutApp.swift in Sources */ = {isa = PBXBuildFile; fileRef = 71BDFDF227436AE000DDE6B7 /* SplitViewFlexibleLayoutApp.swift */; };
		71BDFDF527436AE000DDE6B7 /* ContentView.swift in Sources */ = {isa = PBXBuildFile; fileRef = 71BDFDF427436AE000DDE6B7 /* ContentView.swift */; };
		71BDFDF727436AE200DDE6B7 /* Assets.xcassets in Resources */ = {isa = PBXBuildFile; fileRef = 71BDFDF627436AE200DDE6B7 /* Assets.xcassets */; };
		71BDFDFA27436AE200DDE6B7 /* Preview Assets.xcassets in Resources */ = {isa = PBXBuildFile; fileRef = 71BDFDF927436AE200DDE6B7 /* Preview Assets.xcassets */; };
/* End PBXBuildFile section */

/* Begin PBXFileReference section */
		7184B5A027436E2C0028ABB6 /* SplitSideViews.swift */ = {isa = PBXFileReference; lastKnownFileType = sourcecode.swift; path = SplitSideViews.swift; sourceTree = "<group>"; };
		7184B5A2274371730028ABB6 /* OptionalAlertAndSheet.swift */ = {isa = PBXFileReference; lastKnownFileType = sourcecode.swift; path = OptionalAlertAndSheet.swift; sourceTree = "<group>"; };
		7184B5A42743726D0028ABB6 /* BindingAlertAndSheet.swift */ = {isa = PBXFileReference; lastKnownFileType = sourcecode.swift; path = BindingAlertAndSheet.swift; sourceTree = "<group>"; };
		7184B5A6274375BD0028ABB6 /* GroupsLayoutContainers.swift */ = {isa = PBXFileReference; lastKnownFileType = sourcecode.swift; path = GroupsLayoutContainers.swift; sourceTree = "<group>"; };
		71BDFDEF27436AE000DDE6B7 /* SplitViewFlexibleLayout.app */ = {isa = PBXFileReference; explicitFileType = wrapper.application; includeInIndex = 0; path = SplitViewFlexibleLayout.app; sourceTree = BUILT_PRODUCTS_DIR; };
		71BDFDF227436AE000DDE6B7 /* SplitViewFlexibleLayoutApp.swift */ = {isa = PBXFileReference; lastKnownFileType = sourcecode.swift; path = SplitViewFlexibleLayoutApp.swift; sourceTree = "<group>"; };
		71BDFDF427436AE000DDE6B7 /* ContentView.swift */ = {isa = PBXFileReference; lastKnownFileType = sourcecode.swift; path = ContentView.swift; sourceTree = "<group>"; };
		71BDFDF627436AE200DDE6B7 /* Assets.xcassets */ = {isa = PBXFileReference; lastKnownFileType = folder.assetcatalog; path = Assets.xcassets; sourceTree = "<group>"; };
		71BDFDF927436AE200DDE6B7 /* Preview Assets.xcassets */ = {isa = PBXFileReference; lastKnownFileType = folder.assetcatalog; path = "Preview Assets.xcassets"; sourceTree = "<group>"; };
/* End PBXFileReference section */

/* Begin PBXFrameworksBuildPhase section */
		71BDFDEC27436AE000DDE6B7 /* Frameworks */ = {
			isa = PBXFrameworksBuildPhase;
			buildActionMask = 2147483647;
			files = (
			);
			runOnlyForDeploymentPostprocessing = 0;
		};
/* End PBXFrameworksBuildPhase section */

/* Begin PBXGroup section */
		71BDFDE627436AE000DDE6B7 = {
			isa = PBXGroup;
			children = (
				71BDFDF127436AE000DDE6B7 /* SplitViewFlexibleLayout */,
				71BDFDF027436AE000DDE6B7 /* Products */,
			);
			sourceTree = "<group>";
		};
		71BDFDF027436AE000DDE6B7 /* Products */ = {
			isa = PBXGroup;
			children = (
				71BDFDEF27436AE000DDE6B7 /* SplitViewFlexibleLayout.app */,
			);
			name = Products;
			sourceTree = "<group>";
		};
		71BDFDF127436AE000DDE6B7 /* SplitViewFlexibleLayout */ = {
			isa = PBXGroup;
			children = (
				71BDFDF227436AE000DDE6B7 /* SplitViewFlexibleLayoutApp.swift */,
				71BDFDF427436AE000DDE6B7 /* ContentView.swift */,
				7184B5A027436E2C0028ABB6 /* SplitSideViews.swift */,
				7184B5A2274371730028ABB6 /* OptionalAlertAndSheet.swift */,
				7184B5A42743726D0028ABB6 /* BindingAlertAndSheet.swift */,
				7184B5A6274375BD0028ABB6 /* GroupsLayoutContainers.swift */,
				71BDFDF627436AE200DDE6B7 /* Assets.xcassets */,
				71BDFDF827436AE200DDE6B7 /* Preview Content */,
			);
			path = SplitViewFlexibleLayout;
			sourceTree = "<group>";
		};
		71BDFDF827436AE200DDE6B7 /* Preview Content */ = {
			isa = PBXGroup;
			children = (
				71BDFDF927436AE200DDE6B7 /* Preview Assets.xcassets */,
			);
			path = "Preview Content";
			sourceTree = "<group>";
		};
/* End PBXGroup section */

/* Begin PBXNativeTarget section */
		71BDFDEE27436AE000DDE6B7 /* SplitViewFlexibleLayout */ = {
			isa = PBXNativeTarget;
			buildConfigurationList = 71BDFDFD27436AE200DDE6B7 /* Build configuration list for PBXNativeTarget "SplitViewFlexibleLayout" */;
			buildPhases = (
				71BDFDEB27436AE000DDE6B7 /* Sources */,
				71BDFDEC27436AE000DDE6B7 /* Frameworks */,
				71BDFDED27436AE000DDE6B7 /* Resources */,
			);
			buildRules = (
			);
			dependencies = (
			);
			name = SplitViewFlexibleLayout;
			productName = SplitViewFlexibleLayout;
			productReference = 71BDFDEF27436AE000DDE6B7 /* SplitViewFlexibleLayout.app */;
			productType = "com.apple.product-type.application";
		};
/* End PBXNativeTarget section */

/* Begin PBXProject section */
		71BDFDE727436AE000DDE6B7 /* Project object */ = {
			isa = PBXProject;
			attributes = {
				BuildIndependentTargetsInParallel = 1;
				LastSwiftUpdateCheck = 1310;
				LastUpgradeCheck = 1310;
				TargetAttributes = {
					71BDFDEE27436AE000DDE6B7 = {
						CreatedOnToolsVersion = 13.1;
					};
				};
			};
			buildConfigurationList = 71BDFDEA27436AE000DDE6B7 /* Build configuration list for PBXProject "SplitViewFlexibleLayout" */;
			compatibilityVersion = "Xcode 13.0";
			developmentRegion = en;
			hasScannedForEncodings = 0;
			knownRegions = (
				en,
				Base,
			);
			mainGroup = 71BDFDE627436AE000DDE6B7;
			productRefGroup = 71BDFDF027436AE000DDE6B7 /* Products */;
			projectDirPath = "";
			projectRoot = "";
			targets = (
				71BDFDEE27436AE000DDE6B7 /* SplitViewFlexibleLayout */,
			);
		};
/* End PBXProject section */

/* Begin PBXResourcesBuildPhase section */
		71BDFDED27436AE000DDE6B7 /* Resources */ = {
			isa = PBXResourcesBuildPhase;
			buildActionMask = 2147483647;
			files = (
				71BDFDFA27436AE200DDE6B7 /* Preview Assets.xcassets in Resources */,
				71BDFDF727436AE200DDE6B7 /* Assets.xcassets in Resources */,
			);
			runOnlyForDeploymentPostprocessing = 0;
		};
/* End PBXResourcesBuildPhase section */

/* Begin PBXSourcesBuildPhase section */
		71BDFDEB27436AE000DDE6B7 /* Sources */ = {
			isa = PBXSourcesBuildPhase;
			buildActionMask = 2147483647;
			files = (
				7184B5A3274371730028ABB6 /* OptionalAlertAndSheet.swift in Sources */,
				71BDFDF527436AE000DDE6B7 /* ContentView.swift in Sources */,
				71BDFDF327436AE000DDE6B7 /* SplitViewFlexibleLayoutApp.swift in Sources */,
				7184B5A7274375BD0028ABB6 /* GroupsLayoutContainers.swift in Sources */,
				7184B5A52743726D0028ABB6 /* BindingAlertAndSheet.swift in Sources */,
				7184B5A127436E2C0028ABB6 /* SplitSideViews.swift in Sources */,
			);
			runOnlyForDeploymentPostprocessing = 0;
		};
/* End PBXSourcesBuildPhase section */

/* Begin XCBuildConfiguration section */
		71BDFDFB27436AE200DDE6B7 /* Debug */ = {
			isa = XCBuildConfiguration;
			buildSettings = {
				ALWAYS_SEARCH_USER_PATHS = NO;
				CLANG_ANALYZER_NONNULL = YES;
				CLANG_ANALYZER_NUMBER_OBJECT_CONVERSION = YES_AGGRESSIVE;
				CLANG_CXX_LANGUAGE_STANDARD = "gnu++17";
				CLANG_CXX_LIBRARY = "libc++";
				CLANG_ENABLE_MODULES = YES;
				CLANG_ENABLE_OBJC_ARC = YES;
				CLANG_ENABLE_OBJC_WEAK = YES;
				CLANG_WARN_BLOCK_CAPTURE_AUTORELEASING = YES;
				CLANG_WARN_BOOL_CONVERSION = YES;
				CLANG_WARN_COMMA = YES;
				CLANG_WARN_CONSTANT_CONVERSION = YES;
				CLANG_WARN_DEPRECATED_OBJC_IMPLEMENTATIONS = YES;
				CLANG_WARN_DIRECT_OBJC_ISA_USAGE = YES_ERROR;
				CLANG_WARN_DOCUMENTATION_COMMENTS = YES;
				CLANG_WARN_EMPTY_BODY = YES;
				CLANG_WARN_ENUM_CONVERSION = YES;
				CLANG_WARN_INFINITE_RECURSION = YES;
				CLANG_WARN_INT_CONVERSION = YES;
				CLANG_WARN_NON_LITERAL_NULL_CONVERSION = YES;
				CLANG_WARN_OBJC_IMPLICIT_RETAIN_SELF = YES;
				CLANG_WARN_OBJC_LITERAL_CONVERSION = YES;
				CLANG_WARN_OBJC_ROOT_CLASS = YES_ERROR;
				CLANG_WARN_QUOTED_INCLUDE_IN_FRAMEWORK_HEADER = YES;
				CLANG_WARN_RANGE_LOOP_ANALYSIS = YES;
				CLANG_WARN_STRICT_PROTOTYPES = YES;
				CLANG_WARN_SUSPICIOUS_MOVE = YES;
				CLANG_WARN_UNGUARDED_AVAILABILITY = YES_AGGRESSIVE;
				CLANG_WARN_UNREACHABLE_CODE = YES;
				CLANG_WARN__DUPLICATE_METHOD_MATCH = YES;
				COPY_PHASE_STRIP = NO;
				DEBUG_INFORMATION_FORMAT = dwarf;
				ENABLE_STRICT_OBJC_MSGSEND = YES;
				ENABLE_TESTABILITY = YES;
				GCC_C_LANGUAGE_STANDARD = gnu11;
				GCC_DYNAMIC_NO_PIC = NO;
				GCC_NO_COMMON_BLOCKS = YES;
				GCC_OPTIMIZATION_LEVEL = 0;
				GCC_PREPROCESSOR_DEFINITIONS = (
					"DEBUG=1",
					"$(inherited)",
				);
				GCC_WARN_64_TO_32_BIT_CONVERSION = YES;
				GCC_WARN_ABOUT_RETURN_TYPE = YES_ERROR;
				GCC_WARN_UNDECLARED_SELECTOR = YES;
				GCC_WARN_UNINITIALIZED_AUTOS = YES_AGGRESSIVE;
				GCC_WARN_UNUSED_FUNCTION = YES;
				GCC_WARN_UNUSED_VARIABLE = YES;
				IPHONEOS_DEPLOYMENT_TARGET = 15.0;
				MTL_ENABLE_DEBUG_INFO = INCLUDE_SOURCE;
				MTL_FAST_MATH = YES;
				ONLY_ACTIVE_ARCH = YES;
				SDKROOT = iphoneos;
				SWIFT_ACTIVE_COMPILATION_CONDITIONS = DEBUG;
				SWIFT_OPTIMIZATION_LEVEL = "-Onone";
			};
			name = Debug;
		};
		71BDFDFC27436AE200DDE6B7 /* Release */ = {
			isa = XCBuildConfiguration;
			buildSettings = {
				ALWAYS_SEARCH_USER_PATHS = NO;
				CLANG_ANALYZER_NONNULL = YES;
				CLANG_ANALYZER_NUMBER_OBJECT_CONVERSION = YES_AGGRESSIVE;
				CLANG_CXX_LANGUAGE_STANDARD = "gnu++17";
				CLANG_CXX_LIBRARY = "libc++";
				CLANG_ENABLE_MODULES = YES;
				CLANG_ENABLE_OBJC_ARC = YES;
				CLANG_ENABLE_OBJC_WEAK = YES;
				CLANG_WARN_BLOCK_CAPTURE_AUTORELEASING = YES;
				CLANG_WARN_BOOL_CONVERSION = YES;
				CLANG_WARN_COMMA = YES;
				CLANG_WARN_CONSTANT_CONVERSION = YES;
				CLANG_WARN_DEPRECATED_OBJC_IMPLEMENTATIONS = YES;
				CLANG_WARN_DIRECT_OBJC_ISA_USAGE = YES_ERROR;
				CLANG_WARN_DOCUMENTATION_COMMENTS = YES;
				CLANG_WARN_EMPTY_BODY = YES;
				CLANG_WARN_ENUM_CONVERSION = YES;
				CLANG_WARN_INFINITE_RECURSION = YES;
				CLANG_WARN_INT_CONVERSION = YES;
				CLANG_WARN_NON_LITERAL_NULL_CONVERSION = YES;
				CLANG_WARN_OBJC_IMPLICIT_RETAIN_SELF = YES;
				CLANG_WARN_OBJC_LITERAL_CONVERSION = YES;
				CLANG_WARN_OBJC_ROOT_CLASS = YES_ERROR;
				CLANG_WARN_QUOTED_INCLUDE_IN_FRAMEWORK_HEADER = YES;
				CLANG_WARN_RANGE_LOOP_ANALYSIS = YES;
				CLANG_WARN_STRICT_PROTOTYPES = YES;
				CLANG_WARN_SUSPICIOUS_MOVE = YES;
				CLANG_WARN_UNGUARDED_AVAILABILITY = YES_AGGRESSIVE;
				CLANG_WARN_UNREACHABLE_CODE = YES;
				CLANG_WARN__DUPLICATE_METHOD_MATCH = YES;
				COPY_PHASE_STRIP = NO;
				DEBUG_INFORMATION_FORMAT = "dwarf-with-dsym";
				ENABLE_NS_ASSERTIONS = NO;
				ENABLE_STRICT_OBJC_MSGSEND = YES;
				GCC_C_LANGUAGE_STANDARD = gnu11;
				GCC_NO_COMMON_BLOCKS = YES;
				GCC_WARN_64_TO_32_BIT_CONVERSION = YES;
				GCC_WARN_ABOUT_RETURN_TYPE = YES_ERROR;
				GCC_WARN_UNDECLARED_SELECTOR = YES;
				GCC_WARN_UNINITIALIZED_AUTOS = YES_AGGRESSIVE;
				GCC_WARN_UNUSED_FUNCTION = YES;
				GCC_WARN_UNUSED_VARIABLE = YES;
				IPHONEOS_DEPLOYMENT_TARGET = 15.0;
				MTL_ENABLE_DEBUG_INFO = NO;
				MTL_FAST_MATH = YES;
				SDKROOT = iphoneos;
				SWIFT_COMPILATION_MODE = wholemodule;
				SWIFT_OPTIMIZATION_LEVEL = "-O";
				VALIDATE_PRODUCT = YES;
			};
			name = Release;
		};
		71BDFDFE27436AE200DDE6B7 /* Debug */ = {
			isa = XCBuildConfiguration;
			buildSettings = {
				ASSETCATALOG_COMPILER_APPICON_NAME = AppIcon;
				ASSETCATALOG_COMPILER_GLOBAL_ACCENT_COLOR_NAME = AccentColor;
				CODE_SIGN_STYLE = Automatic;
				CURRENT_PROJECT_VERSION = 1;
				DEVELOPMENT_ASSET_PATHS = "\"SplitViewFlexibleLayout/Preview Content\"";
				DEVELOPMENT_TEAM = G6V85GALCN;
				ENABLE_PREVIEWS = YES;
				GENERATE_INFOPLIST_FILE = YES;
				INFOPLIST_KEY_UIApplicationSceneManifest_Generation = YES;
				INFOPLIST_KEY_UIApplicationSupportsIndirectInputEvents = YES;
				INFOPLIST_KEY_UILaunchScreen_Generation = YES;
				INFOPLIST_KEY_UISupportedInterfaceOrientations_iPad = "UIInterfaceOrientationPortrait UIInterfaceOrientationPortraitUpsideDown UIInterfaceOrientationLandscapeLeft UIInterfaceOrientationLandscapeRight";
				INFOPLIST_KEY_UISupportedInterfaceOrientations_iPhone = "UIInterfaceOrientationPortrait UIInterfaceOrientationLandscapeLeft UIInterfaceOrientationLandscapeRight";
				LD_RUNPATH_SEARCH_PATHS = (
					"$(inherited)",
					"@executable_path/Frameworks",
				);
				MARKETING_VERSION = 1.0;
				PRODUCT_BUNDLE_IDENTIFIER = net.naolin.SplitViewFlexibleLayout;
				PRODUCT_NAME = "$(TARGET_NAME)";
				SWIFT_EMIT_LOC_STRINGS = YES;
				SWIFT_VERSION = 5.0;
				TARGETED_DEVICE_FAMILY = "1,2";
			};
			name = Debug;
		};
		71BDFDFF27436AE200DDE6B7 /* Release */ = {
			isa = XCBuildConfiguration;
			buildSettings = {
				ASSETCATALOG_COMPILER_APPICON_NAME = AppIcon;
				ASSETCATALOG_COMPILER_GLOBAL_ACCENT_COLOR_NAME = AccentColor;
				CODE_SIGN_STYLE = Automatic;
				CURRENT_PROJECT_VERSION = 1;
				DEVELOPMENT_ASSET_PATHS = "\"SplitViewFlexibleLayout/Preview Content\"";
				DEVELOPMENT_TEAM = G6V85GALCN;
				ENABLE_PREVIEWS = YES;
				GENERATE_INFOPLIST_FILE = YES;
				INFOPLIST_KEY_UIApplicationSceneManifest_Generation = YES;
				INFOPLIST_KEY_UIApplicationSupportsIndirectInputEvents = YES;
				INFOPLIST_KEY_UILaunchScreen_Generation = YES;
				INFOPLIST_KEY_UISupportedInterfaceOrientations_iPad = "UIInterfaceOrientationPortrait UIInterfaceOrientationPortraitUpsideDown UIInterfaceOrientationLandscapeLeft UIInterfaceOrientationLandscapeRight";
				INFOPLIST_KEY_UISupportedInterfaceOrientations_iPhone = "UIInterfaceOrientationPortrait UIInterfaceOrientationLandscapeLeft UIInterfaceOrientationLandscapeRight";
				LD_RUNPATH_SEARCH_PATHS = (
					"$(inherited)",
					"@executable_path/Frameworks",
				);
				MARKETING_VERSION = 1.0;
				PRODUCT_BUNDLE_IDENTIFIER = net.naolin.SplitViewFlexibleLayout;
				PRODUCT_NAME = "$(TARGET_NAME)";
				SWIFT_EMIT_LOC_STRINGS = YES;
				SWIFT_VERSION = 5.0;
				TARGETED_DEVICE_FAMILY = "1,2";
			};
			name = Release;
		};
/* End XCBuildConfiguration section */

/* Begin XCConfigurationList section */
		71BDFDEA27436AE000DDE6B7 /* Build configuration list for PBXProject "SplitViewFlexibleLayout" */ = {
			isa = XCConfigurationList;
			buildConfigurations = (
				71BDFDFB27436AE200DDE6B7 /* Debug */,
				71BDFDFC27436AE200DDE6B7 /* Release */,
			);
			defaultConfigurationIsVisible = 0;
			defaultConfigurationName = Release;
		};
		71BDFDFD27436AE200DDE6B7 /* Build configuration list for PBXNativeTarget "SplitViewFlexibleLayout" */ = {
			isa = XCConfigurationList;
			buildConfigurations = (
				71BDFDFE27436AE200DDE6B7 /* Debug */,
				71BDFDFF27436AE200DDE6B7 /* Release */,
			);
			defaultConfigurationIsVisible = 0;
			defaultConfigurationName = Release;
		};
/* End XCConfigurationList section */
	};
	rootObject = 71BDFDE727436AE000DDE6B7 /* Project object */;
}
