// !$*UTF8*$!
{
	archiveVersion = 1;
	classes = {
	};
	objectVersion = 55;
	objects = {

/* Begin PBXBuildFile section */
		7135949A2729882500992BB3 /* FriendFetch.swift in Sources */ = {isa = PBXBuildFile; fileRef = 713594992729882500992BB3 /* FriendFetch.swift */; };
		713C098827290655007B42DD /* FriendFaceApp.swift in Sources */ = {isa = PBXBuildFile; fileRef = 713C098727290655007B42DD /* FriendFaceApp.swift */; };
		713C098A27290655007B42DD /* ContentView.swift in Sources */ = {isa = PBXBuildFile; fileRef = 713C098927290655007B42DD /* ContentView.swift */; };
		713C098C27290656007B42DD /* Assets.xcassets in Resources */ = {isa = PBXBuildFile; fileRef = 713C098B27290656007B42DD /* Assets.xcassets */; };
		713C098F27290656007B42DD /* Preview Assets.xcassets in Resources */ = {isa = PBXBuildFile; fileRef = 713C098E27290656007B42DD /* Preview Assets.xcassets */; };
		713C09962729066E007B42DD /* friendface.json in Resources */ = {isa = PBXBuildFile; fileRef = 713C09952729066E007B42DD /* friendface.json */; };
		713C099827290776007B42DD /* User.swift in Sources */ = {isa = PBXBuildFile; fileRef = 713C099727290776007B42DD /* User.swift */; };
		713C099A272909F4007B42DD /* FetchData.swift in Sources */ = {isa = PBXBuildFile; fileRef = 713C0999272909F4007B42DD /* FetchData.swift */; };
		71E0C506272925E800753D59 /* Friend.swift in Sources */ = {isa = PBXBuildFile; fileRef = 71E0C505272925E800753D59 /* Friend.swift */; };
		71E0C50A272928B300753D59 /* UserListView.swift in Sources */ = {isa = PBXBuildFile; fileRef = 71E0C509272928B300753D59 /* UserListView.swift */; };
		71E0C50C272928BF00753D59 /* FriendListView.swift in Sources */ = {isa = PBXBuildFile; fileRef = 71E0C50B272928BF00753D59 /* FriendListView.swift */; };
		71E0C5102729298700753D59 /* LoadingView.swift in Sources */ = {isa = PBXBuildFile; fileRef = 71E0C50F2729298700753D59 /* LoadingView.swift */; };
		71E0C51227292B1C00753D59 /* DetailView.swift in Sources */ = {isa = PBXBuildFile; fileRef = 71E0C51127292B1C00753D59 /* DetailView.swift */; };
		71E0C5142729514400753D59 /* BundleDecode.swift in Sources */ = {isa = PBXBuildFile; fileRef = 71E0C5132729514400753D59 /* BundleDecode.swift */; };
/* End PBXBuildFile section */

/* Begin PBXFileReference section */
		713594992729882500992BB3 /* FriendFetch.swift */ = {isa = PBXFileReference; lastKnownFileType = sourcecode.swift; path = FriendFetch.swift; sourceTree = "<group>"; };
		713C098427290655007B42DD /* FriendFace.app */ = {isa = PBXFileReference; explicitFileType = wrapper.application; includeInIndex = 0; path = FriendFace.app; sourceTree = BUILT_PRODUCTS_DIR; };
		713C098727290655007B42DD /* FriendFaceApp.swift */ = {isa = PBXFileReference; lastKnownFileType = sourcecode.swift; path = FriendFaceApp.swift; sourceTree = "<group>"; };
		713C098927290655007B42DD /* ContentView.swift */ = {isa = PBXFileReference; lastKnownFileType = sourcecode.swift; path = ContentView.swift; sourceTree = "<group>"; };
		713C098B27290656007B42DD /* Assets.xcassets */ = {isa = PBXFileReference; lastKnownFileType = folder.assetcatalog; path = Assets.xcassets; sourceTree = "<group>"; };
		713C098E27290656007B42DD /* Preview Assets.xcassets */ = {isa = PBXFileReference; lastKnownFileType = folder.assetcatalog; path = "Preview Assets.xcassets"; sourceTree = "<group>"; };
		713C09952729066E007B42DD /* friendface.json */ = {isa = PBXFileReference; fileEncoding = 4; lastKnownFileType = text.json; path = friendface.json; sourceTree = "<group>"; };
		713C099727290776007B42DD /* User.swift */ = {isa = PBXFileReference; lastKnownFileType = sourcecode.swift; path = User.swift; sourceTree = "<group>"; };
		713C0999272909F4007B42DD /* FetchData.swift */ = {isa = PBXFileReference; lastKnownFileType = sourcecode.swift; path = FetchData.swift; sourceTree = "<group>"; };
		71E0C505272925E800753D59 /* Friend.swift */ = {isa = PBXFileReference; lastKnownFileType = sourcecode.swift; path = Friend.swift; sourceTree = "<group>"; };
		71E0C509272928B300753D59 /* UserListView.swift */ = {isa = PBXFileReference; lastKnownFileType = sourcecode.swift; path = UserListView.swift; sourceTree = "<group>"; };
		71E0C50B272928BF00753D59 /* FriendListView.swift */ = {isa = PBXFileReference; lastKnownFileType = sourcecode.swift; path = FriendListView.swift; sourceTree = "<group>"; };
		71E0C50F2729298700753D59 /* LoadingView.swift */ = {isa = PBXFileReference; lastKnownFileType = sourcecode.swift; path = LoadingView.swift; sourceTree = "<group>"; };
		71E0C51127292B1C00753D59 /* DetailView.swift */ = {isa = PBXFileReference; lastKnownFileType = sourcecode.swift; path = DetailView.swift; sourceTree = "<group>"; };
		71E0C5132729514400753D59 /* BundleDecode.swift */ = {isa = PBXFileReference; lastKnownFileType = sourcecode.swift; path = BundleDecode.swift; sourceTree = "<group>"; };
/* End PBXFileReference section */

/* Begin PBXFrameworksBuildPhase section */
		713C098127290655007B42DD /* Frameworks */ = {
			isa = PBXFrameworksBuildPhase;
			buildActionMask = 2147483647;
			files = (
			);
			runOnlyForDeploymentPostprocessing = 0;
		};
/* End PBXFrameworksBuildPhase section */

/* Begin PBXGroup section */
		713C097B27290655007B42DD = {
			isa = PBXGroup;
			children = (
				713C098627290655007B42DD /* FriendFace */,
				713C098527290655007B42DD /* Products */,
			);
			sourceTree = "<group>";
		};
		713C098527290655007B42DD /* Products */ = {
			isa = PBXGroup;
			children = (
				713C098427290655007B42DD /* FriendFace.app */,
			);
			name = Products;
			sourceTree = "<group>";
		};
		713C098627290655007B42DD /* FriendFace */ = {
			isa = PBXGroup;
			children = (
				713C098727290655007B42DD /* FriendFaceApp.swift */,
				71E0C51527295C4700753D59 /* Bundle */,
				71E0C5022729248800753D59 /* Model */,
				71E0C5032729248C00753D59 /* View */,
				71E0C5042729256B00753D59 /* ViewModel */,
				713C098B27290656007B42DD /* Assets.xcassets */,
				713C09952729066E007B42DD /* friendface.json */,
				713C098D27290656007B42DD /* Preview Content */,
			);
			path = FriendFace;
			sourceTree = "<group>";
		};
		713C098D27290656007B42DD /* Preview Content */ = {
			isa = PBXGroup;
			children = (
				713C098E27290656007B42DD /* Preview Assets.xcassets */,
			);
			path = "Preview Content";
			sourceTree = "<group>";
		};
		71E0C5022729248800753D59 /* Model */ = {
			isa = PBXGroup;
			children = (
				713C099727290776007B42DD /* User.swift */,
				71E0C505272925E800753D59 /* Friend.swift */,
			);
			path = Model;
			sourceTree = "<group>";
		};
		71E0C5032729248C00753D59 /* View */ = {
			isa = PBXGroup;
			children = (
				713C098927290655007B42DD /* ContentView.swift */,
				71E0C509272928B300753D59 /* UserListView.swift */,
				71E0C50B272928BF00753D59 /* FriendListView.swift */,
				71E0C50F2729298700753D59 /* LoadingView.swift */,
				71E0C51127292B1C00753D59 /* DetailView.swift */,
			);
			path = View;
			sourceTree = "<group>";
		};
		71E0C5042729256B00753D59 /* ViewModel */ = {
			isa = PBXGroup;
			children = (
				713C0999272909F4007B42DD /* FetchData.swift */,
				713594992729882500992BB3 /* FriendFetch.swift */,
			);
			path = ViewModel;
			sourceTree = "<group>";
		};
		71E0C51527295C4700753D59 /* Bundle */ = {
			isa = PBXGroup;
			children = (
				71E0C5132729514400753D59 /* BundleDecode.swift */,
			);
			path = Bundle;
			sourceTree = "<group>";
		};
/* End PBXGroup section */

/* Begin PBXNativeTarget section */
		713C098327290655007B42DD /* FriendFace */ = {
			isa = PBXNativeTarget;
			buildConfigurationList = 713C099227290656007B42DD /* Build configuration list for PBXNativeTarget "FriendFace" */;
			buildPhases = (
				713C098027290655007B42DD /* Sources */,
				713C098127290655007B42DD /* Frameworks */,
				713C098227290655007B42DD /* Resources */,
			);
			buildRules = (
			);
			dependencies = (
			);
			name = FriendFace;
			productName = FriendFace;
			productReference = 713C098427290655007B42DD /* FriendFace.app */;
			productType = "com.apple.product-type.application";
		};
/* End PBXNativeTarget section */

/* Begin PBXProject section */
		713C097C27290655007B42DD /* Project object */ = {
			isa = PBXProject;
			attributes = {
				BuildIndependentTargetsInParallel = 1;
				LastSwiftUpdateCheck = 1300;
				LastUpgradeCheck = 1300;
				TargetAttributes = {
					713C098327290655007B42DD = {
						CreatedOnToolsVersion = 13.0;
					};
				};
			};
			buildConfigurationList = 713C097F27290655007B42DD /* Build configuration list for PBXProject "FriendFace" */;
			compatibilityVersion = "Xcode 13.0";
			developmentRegion = en;
			hasScannedForEncodings = 0;
			knownRegions = (
				en,
				Base,
			);
			mainGroup = 713C097B27290655007B42DD;
			productRefGroup = 713C098527290655007B42DD /* Products */;
			projectDirPath = "";
			projectRoot = "";
			targets = (
				713C098327290655007B42DD /* FriendFace */,
			);
		};
/* End PBXProject section */

/* Begin PBXResourcesBuildPhase section */
		713C098227290655007B42DD /* Resources */ = {
			isa = PBXResourcesBuildPhase;
			buildActionMask = 2147483647;
			files = (
				713C098F27290656007B42DD /* Preview Assets.xcassets in Resources */,
				713C098C27290656007B42DD /* Assets.xcassets in Resources */,
				713C09962729066E007B42DD /* friendface.json in Resources */,
			);
			runOnlyForDeploymentPostprocessing = 0;
		};
/* End PBXResourcesBuildPhase section */

/* Begin PBXSourcesBuildPhase section */
		713C098027290655007B42DD /* Sources */ = {
			isa = PBXSourcesBuildPhase;
			buildActionMask = 2147483647;
			files = (
				71E0C50A272928B300753D59 /* UserListView.swift in Sources */,
				713C099827290776007B42DD /* User.swift in Sources */,
				71E0C5102729298700753D59 /* LoadingView.swift in Sources */,
				71E0C51227292B1C00753D59 /* DetailView.swift in Sources */,
				713C099A272909F4007B42DD /* FetchData.swift in Sources */,
				71E0C5142729514400753D59 /* BundleDecode.swift in Sources */,
				71E0C506272925E800753D59 /* Friend.swift in Sources */,
				713C098A27290655007B42DD /* ContentView.swift in Sources */,
				7135949A2729882500992BB3 /* FriendFetch.swift in Sources */,
				71E0C50C272928BF00753D59 /* FriendListView.swift in Sources */,
				713C098827290655007B42DD /* FriendFaceApp.swift in Sources */,
			);
			runOnlyForDeploymentPostprocessing = 0;
		};
/* End PBXSourcesBuildPhase section */

/* Begin XCBuildConfiguration section */
		713C099027290656007B42DD /* Debug */ = {
			isa = XCBuildConfiguration;
			buildSettings = {
				ALWAYS_SEARCH_USER_PATHS = NO;
				CLANG_ANALYZER_NONNULL = YES;
				CLANG_ANALYZER_NUMBER_OBJECT_CONVERSION = YES_AGGRESSIVE;
				CLANG_CXX_LANGUAGE_STANDARD = "gnu++17";
				CLANG_CXX_LIBRARY = "libc++";
				CLANG_ENABLE_MODULES = YES;
				CLANG_ENABLE_OBJC_ARC = YES;
				CLANG_ENABLE_OBJC_WEAK = YES;
				CLANG_WARN_BLOCK_CAPTURE_AUTORELEASING = YES;
				CLANG_WARN_BOOL_CONVERSION = YES;
				CLANG_WARN_COMMA = YES;
				CLANG_WARN_CONSTANT_CONVERSION = YES;
				CLANG_WARN_DEPRECATED_OBJC_IMPLEMENTATIONS = YES;
				CLANG_WARN_DIRECT_OBJC_ISA_USAGE = YES_ERROR;
				CLANG_WARN_DOCUMENTATION_COMMENTS = YES;
				CLANG_WARN_EMPTY_BODY = YES;
				CLANG_WARN_ENUM_CONVERSION = YES;
				CLANG_WARN_INFINITE_RECURSION = YES;
				CLANG_WARN_INT_CONVERSION = YES;
				CLANG_WARN_NON_LITERAL_NULL_CONVERSION = YES;
				CLANG_WARN_OBJC_IMPLICIT_RETAIN_SELF = YES;
				CLANG_WARN_OBJC_LITERAL_CONVERSION = YES;
				CLANG_WARN_OBJC_ROOT_CLASS = YES_ERROR;
				CLANG_WARN_QUOTED_INCLUDE_IN_FRAMEWORK_HEADER = YES;
				CLANG_WARN_RANGE_LOOP_ANALYSIS = YES;
				CLANG_WARN_STRICT_PROTOTYPES = YES;
				CLANG_WARN_SUSPICIOUS_MOVE = YES;
				CLANG_WARN_UNGUARDED_AVAILABILITY = YES_AGGRESSIVE;
				CLANG_WARN_UNREACHABLE_CODE = YES;
				CLANG_WARN__DUPLICATE_METHOD_MATCH = YES;
				COPY_PHASE_STRIP = NO;
				DEBUG_INFORMATION_FORMAT = dwarf;
				ENABLE_STRICT_OBJC_MSGSEND = YES;
				ENABLE_TESTABILITY = YES;
				GCC_C_LANGUAGE_STANDARD = gnu11;
				GCC_DYNAMIC_NO_PIC = NO;
				GCC_NO_COMMON_BLOCKS = YES;
				GCC_OPTIMIZATION_LEVEL = 0;
				GCC_PREPROCESSOR_DEFINITIONS = (
					"DEBUG=1",
					"$(inherited)",
				);
				GCC_WARN_64_TO_32_BIT_CONVERSION = YES;
				GCC_WARN_ABOUT_RETURN_TYPE = YES_ERROR;
				GCC_WARN_UNDECLARED_SELECTOR = YES;
				GCC_WARN_UNINITIALIZED_AUTOS = YES_AGGRESSIVE;
				GCC_WARN_UNUSED_FUNCTION = YES;
				GCC_WARN_UNUSED_VARIABLE = YES;
				IPHONEOS_DEPLOYMENT_TARGET = 15.0;
				MTL_ENABLE_DEBUG_INFO = INCLUDE_SOURCE;
				MTL_FAST_MATH = YES;
				ONLY_ACTIVE_ARCH = YES;
				SDKROOT = iphoneos;
				SWIFT_ACTIVE_COMPILATION_CONDITIONS = DEBUG;
				SWIFT_OPTIMIZATION_LEVEL = "-Onone";
			};
			name = Debug;
		};
		713C099127290656007B42DD /* Release */ = {
			isa = XCBuildConfiguration;
			buildSettings = {
				ALWAYS_SEARCH_USER_PATHS = NO;
				CLANG_ANALYZER_NONNULL = YES;
				CLANG_ANALYZER_NUMBER_OBJECT_CONVERSION = YES_AGGRESSIVE;
				CLANG_CXX_LANGUAGE_STANDARD = "gnu++17";
				CLANG_CXX_LIBRARY = "libc++";
				CLANG_ENABLE_MODULES = YES;
				CLANG_ENABLE_OBJC_ARC = YES;
				CLANG_ENABLE_OBJC_WEAK = YES;
				CLANG_WARN_BLOCK_CAPTURE_AUTORELEASING = YES;
				CLANG_WARN_BOOL_CONVERSION = YES;
				CLANG_WARN_COMMA = YES;
				CLANG_WARN_CONSTANT_CONVERSION = YES;
				CLANG_WARN_DEPRECATED_OBJC_IMPLEMENTATIONS = YES;
				CLANG_WARN_DIRECT_OBJC_ISA_USAGE = YES_ERROR;
				CLANG_WARN_DOCUMENTATION_COMMENTS = YES;
				CLANG_WARN_EMPTY_BODY = YES;
				CLANG_WARN_ENUM_CONVERSION = YES;
				CLANG_WARN_INFINITE_RECURSION = YES;
				CLANG_WARN_INT_CONVERSION = YES;
				CLANG_WARN_NON_LITERAL_NULL_CONVERSION = YES;
				CLANG_WARN_OBJC_IMPLICIT_RETAIN_SELF = YES;
				CLANG_WARN_OBJC_LITERAL_CONVERSION = YES;
				CLANG_WARN_OBJC_ROOT_CLASS = YES_ERROR;
				CLANG_WARN_QUOTED_INCLUDE_IN_FRAMEWORK_HEADER = YES;
				CLANG_WARN_RANGE_LOOP_ANALYSIS = YES;
				CLANG_WARN_STRICT_PROTOTYPES = YES;
				CLANG_WARN_SUSPICIOUS_MOVE = YES;
				CLANG_WARN_UNGUARDED_AVAILABILITY = YES_AGGRESSIVE;
				CLANG_WARN_UNREACHABLE_CODE = YES;
				CLANG_WARN__DUPLICATE_METHOD_MATCH = YES;
				COPY_PHASE_STRIP = NO;
				DEBUG_INFORMATION_FORMAT = "dwarf-with-dsym";
				ENABLE_NS_ASSERTIONS = NO;
				ENABLE_STRICT_OBJC_MSGSEND = YES;
				GCC_C_LANGUAGE_STANDARD = gnu11;
				GCC_NO_COMMON_BLOCKS = YES;
				GCC_WARN_64_TO_32_BIT_CONVERSION = YES;
				GCC_WARN_ABOUT_RETURN_TYPE = YES_ERROR;
				GCC_WARN_UNDECLARED_SELECTOR = YES;
				GCC_WARN_UNINITIALIZED_AUTOS = YES_AGGRESSIVE;
				GCC_WARN_UNUSED_FUNCTION = YES;
				GCC_WARN_UNUSED_VARIABLE = YES;
				IPHONEOS_DEPLOYMENT_TARGET = 15.0;
				MTL_ENABLE_DEBUG_INFO = NO;
				MTL_FAST_MATH = YES;
				SDKROOT = iphoneos;
				SWIFT_COMPILATION_MODE = wholemodule;
				SWIFT_OPTIMIZATION_LEVEL = "-O";
				VALIDATE_PRODUCT = YES;
			};
			name = Release;
		};
		713C099327290656007B42DD /* Debug */ = {
			isa = XCBuildConfiguration;
			buildSettings = {
				ASSETCATALOG_COMPILER_APPICON_NAME = AppIcon;
				ASSETCATALOG_COMPILER_GLOBAL_ACCENT_COLOR_NAME = AccentColor;
				CODE_SIGN_STYLE = Automatic;
				CURRENT_PROJECT_VERSION = 1;
				DEVELOPMENT_ASSET_PATHS = "\"FriendFace/Preview Content\"";
				DEVELOPMENT_TEAM = G6V85GALCN;
				ENABLE_PREVIEWS = YES;
				GENERATE_INFOPLIST_FILE = YES;
				INFOPLIST_KEY_UIApplicationSceneManifest_Generation = YES;
				INFOPLIST_KEY_UIApplicationSupportsIndirectInputEvents = YES;
				INFOPLIST_KEY_UILaunchScreen_Generation = YES;
				INFOPLIST_KEY_UISupportedInterfaceOrientations_iPad = "UIInterfaceOrientationPortrait UIInterfaceOrientationPortraitUpsideDown UIInterfaceOrientationLandscapeLeft UIInterfaceOrientationLandscapeRight";
				INFOPLIST_KEY_UISupportedInterfaceOrientations_iPhone = "UIInterfaceOrientationPortrait UIInterfaceOrientationLandscapeLeft UIInterfaceOrientationLandscapeRight";
				IPHONEOS_DEPLOYMENT_TARGET = 14.0;
				LD_RUNPATH_SEARCH_PATHS = (
					"$(inherited)",
					"@executable_path/Frameworks",
				);
				MARKETING_VERSION = 1.0;
				PRODUCT_BUNDLE_IDENTIFIER = net.naolin.FriendFace;
				PRODUCT_NAME = "$(TARGET_NAME)";
				SWIFT_EMIT_LOC_STRINGS = YES;
				SWIFT_VERSION = 5.0;
				TARGETED_DEVICE_FAMILY = "1,2";
			};
			name = Debug;
		};
		713C099427290656007B42DD /* Release */ = {
			isa = XCBuildConfiguration;
			buildSettings = {
				ASSETCATALOG_COMPILER_APPICON_NAME = AppIcon;
				ASSETCATALOG_COMPILER_GLOBAL_ACCENT_COLOR_NAME = AccentColor;
				CODE_SIGN_STYLE = Automatic;
				CURRENT_PROJECT_VERSION = 1;
				DEVELOPMENT_ASSET_PATHS = "\"FriendFace/Preview Content\"";
				DEVELOPMENT_TEAM = G6V85GALCN;
				ENABLE_PREVIEWS = YES;
				GENERATE_INFOPLIST_FILE = YES;
				INFOPLIST_KEY_UIApplicationSceneManifest_Generation = YES;
				INFOPLIST_KEY_UIApplicationSupportsIndirectInputEvents = YES;
				INFOPLIST_KEY_UILaunchScreen_Generation = YES;
				INFOPLIST_KEY_UISupportedInterfaceOrientations_iPad = "UIInterfaceOrientationPortrait UIInterfaceOrientationPortraitUpsideDown UIInterfaceOrientationLandscapeLeft UIInterfaceOrientationLandscapeRight";
				INFOPLIST_KEY_UISupportedInterfaceOrientations_iPhone = "UIInterfaceOrientationPortrait UIInterfaceOrientationLandscapeLeft UIInterfaceOrientationLandscapeRight";
				IPHONEOS_DEPLOYMENT_TARGET = 14.0;
				LD_RUNPATH_SEARCH_PATHS = (
					"$(inherited)",
					"@executable_path/Frameworks",
				);
				MARKETING_VERSION = 1.0;
				PRODUCT_BUNDLE_IDENTIFIER = net.naolin.FriendFace;
				PRODUCT_NAME = "$(TARGET_NAME)";
				SWIFT_EMIT_LOC_STRINGS = YES;
				SWIFT_VERSION = 5.0;
				TARGETED_DEVICE_FAMILY = "1,2";
			};
			name = Release;
		};
/* End XCBuildConfiguration section */

/* Begin XCConfigurationList section */
		713C097F27290655007B42DD /* Build configuration list for PBXProject "FriendFace" */ = {
			isa = XCConfigurationList;
			buildConfigurations = (
				713C099027290656007B42DD /* Debug */,
				713C099127290656007B42DD /* Release */,
			);
			defaultConfigurationIsVisible = 0;
			defaultConfigurationName = Release;
		};
		713C099227290656007B42DD /* Build configuration list for PBXNativeTarget "FriendFace" */ = {
			isa = XCConfigurationList;
			buildConfigurations = (
				713C099327290656007B42DD /* Debug */,
				713C099427290656007B42DD /* Release */,
			);
			defaultConfigurationIsVisible = 0;
			defaultConfigurationName = Release;
		};
/* End XCConfigurationList section */
	};
	rootObject = 713C097C27290655007B42DD /* Project object */;
}
