// !$*UTF8*$!
{
	archiveVersion = 1;
	classes = {
	};
	objectVersion = 55;
	objects = {

/* Begin PBXBuildFile section */
		7116FCEF2737B3D4009AFC72 /* GesturesHapticApp.swift in Sources */ = {isa = PBXBuildFile; fileRef = 7116FCEE2737B3D4009AFC72 /* GesturesHapticApp.swift */; };
		7116FCF12737B3D4009AFC72 /* ContentView.swift in Sources */ = {isa = PBXBuildFile; fileRef = 7116FCF02737B3D4009AFC72 /* ContentView.swift */; };
		7116FCF32737B3D6009AFC72 /* Assets.xcassets in Resources */ = {isa = PBXBuildFile; fileRef = 7116FCF22737B3D6009AFC72 /* Assets.xcassets */; };
		7116FCF62737B3D6009AFC72 /* Preview Assets.xcassets in Resources */ = {isa = PBXBuildFile; fileRef = 7116FCF52737B3D6009AFC72 /* Preview Assets.xcassets */; };
		7116FCFD2737B42C009AFC72 /* GesturesUse.swift in Sources */ = {isa = PBXBuildFile; fileRef = 7116FCFC2737B42C009AFC72 /* GesturesUse.swift */; };
		7116FCFF2737B924009AFC72 /* Gesturespriorities.swift in Sources */ = {isa = PBXBuildFile; fileRef = 7116FCFE2737B924009AFC72 /* Gesturespriorities.swift */; };
		7116FD012737B9D9009AFC72 /* GestureDrag.swift in Sources */ = {isa = PBXBuildFile; fileRef = 7116FD002737B9D9009AFC72 /* GestureDrag.swift */; };
/* End PBXBuildFile section */

/* Begin PBXFileReference section */
		7116FCEB2737B3D4009AFC72 /* GesturesHaptic.app */ = {isa = PBXFileReference; explicitFileType = wrapper.application; includeInIndex = 0; path = GesturesHaptic.app; sourceTree = BUILT_PRODUCTS_DIR; };
		7116FCEE2737B3D4009AFC72 /* GesturesHapticApp.swift */ = {isa = PBXFileReference; lastKnownFileType = sourcecode.swift; path = GesturesHapticApp.swift; sourceTree = "<group>"; };
		7116FCF02737B3D4009AFC72 /* ContentView.swift */ = {isa = PBXFileReference; lastKnownFileType = sourcecode.swift; path = ContentView.swift; sourceTree = "<group>"; };
		7116FCF22737B3D6009AFC72 /* Assets.xcassets */ = {isa = PBXFileReference; lastKnownFileType = folder.assetcatalog; path = Assets.xcassets; sourceTree = "<group>"; };
		7116FCF52737B3D6009AFC72 /* Preview Assets.xcassets */ = {isa = PBXFileReference; lastKnownFileType = folder.assetcatalog; path = "Preview Assets.xcassets"; sourceTree = "<group>"; };
		7116FCFC2737B42C009AFC72 /* GesturesUse.swift */ = {isa = PBXFileReference; lastKnownFileType = sourcecode.swift; path = GesturesUse.swift; sourceTree = "<group>"; };
		7116FCFE2737B924009AFC72 /* Gesturespriorities.swift */ = {isa = PBXFileReference; lastKnownFileType = sourcecode.swift; path = Gesturespriorities.swift; sourceTree = "<group>"; };
		7116FD002737B9D9009AFC72 /* GestureDrag.swift */ = {isa = PBXFileReference; lastKnownFileType = sourcecode.swift; path = GestureDrag.swift; sourceTree = "<group>"; };
/* End PBXFileReference section */

/* Begin PBXFrameworksBuildPhase section */
		7116FCE82737B3D4009AFC72 /* Frameworks */ = {
			isa = PBXFrameworksBuildPhase;
			buildActionMask = 2147483647;
			files = (
			);
			runOnlyForDeploymentPostprocessing = 0;
		};
/* End PBXFrameworksBuildPhase section */

/* Begin PBXGroup section */
		7116FCE22737B3D4009AFC72 = {
			isa = PBXGroup;
			children = (
				7116FCED2737B3D4009AFC72 /* GesturesHaptic */,
				7116FCEC2737B3D4009AFC72 /* Products */,
			);
			sourceTree = "<group>";
		};
		7116FCEC2737B3D4009AFC72 /* Products */ = {
			isa = PBXGroup;
			children = (
				7116FCEB2737B3D4009AFC72 /* GesturesHaptic.app */,
			);
			name = Products;
			sourceTree = "<group>";
		};
		7116FCED2737B3D4009AFC72 /* GesturesHaptic */ = {
			isa = PBXGroup;
			children = (
				7116FCEE2737B3D4009AFC72 /* GesturesHapticApp.swift */,
				7116FCF02737B3D4009AFC72 /* ContentView.swift */,
				7116FCFC2737B42C009AFC72 /* GesturesUse.swift */,
				7116FCFE2737B924009AFC72 /* Gesturespriorities.swift */,
				7116FD002737B9D9009AFC72 /* GestureDrag.swift */,
				7116FCF22737B3D6009AFC72 /* Assets.xcassets */,
				7116FCF42737B3D6009AFC72 /* Preview Content */,
			);
			path = GesturesHaptic;
			sourceTree = "<group>";
		};
		7116FCF42737B3D6009AFC72 /* Preview Content */ = {
			isa = PBXGroup;
			children = (
				7116FCF52737B3D6009AFC72 /* Preview Assets.xcassets */,
			);
			path = "Preview Content";
			sourceTree = "<group>";
		};
/* End PBXGroup section */

/* Begin PBXNativeTarget section */
		7116FCEA2737B3D4009AFC72 /* GesturesHaptic */ = {
			isa = PBXNativeTarget;
			buildConfigurationList = 7116FCF92737B3D6009AFC72 /* Build configuration list for PBXNativeTarget "GesturesHaptic" */;
			buildPhases = (
				7116FCE72737B3D4009AFC72 /* Sources */,
				7116FCE82737B3D4009AFC72 /* Frameworks */,
				7116FCE92737B3D4009AFC72 /* Resources */,
			);
			buildRules = (
			);
			dependencies = (
			);
			name = GesturesHaptic;
			productName = GesturesHaptic;
			productReference = 7116FCEB2737B3D4009AFC72 /* GesturesHaptic.app */;
			productType = "com.apple.product-type.application";
		};
/* End PBXNativeTarget section */

/* Begin PBXProject section */
		7116FCE32737B3D4009AFC72 /* Project object */ = {
			isa = PBXProject;
			attributes = {
				BuildIndependentTargetsInParallel = 1;
				LastSwiftUpdateCheck = 1310;
				LastUpgradeCheck = 1310;
				TargetAttributes = {
					7116FCEA2737B3D4009AFC72 = {
						CreatedOnToolsVersion = 13.1;
					};
				};
			};
			buildConfigurationList = 7116FCE62737B3D4009AFC72 /* Build configuration list for PBXProject "GesturesHaptic" */;
			compatibilityVersion = "Xcode 13.0";
			developmentRegion = en;
			hasScannedForEncodings = 0;
			knownRegions = (
				en,
				Base,
			);
			mainGroup = 7116FCE22737B3D4009AFC72;
			productRefGroup = 7116FCEC2737B3D4009AFC72 /* Products */;
			projectDirPath = "";
			projectRoot = "";
			targets = (
				7116FCEA2737B3D4009AFC72 /* GesturesHaptic */,
			);
		};
/* End PBXProject section */

/* Begin PBXResourcesBuildPhase section */
		7116FCE92737B3D4009AFC72 /* Resources */ = {
			isa = PBXResourcesBuildPhase;
			buildActionMask = 2147483647;
			files = (
				7116FCF62737B3D6009AFC72 /* Preview Assets.xcassets in Resources */,
				7116FCF32737B3D6009AFC72 /* Assets.xcassets in Resources */,
			);
			runOnlyForDeploymentPostprocessing = 0;
		};
/* End PBXResourcesBuildPhase section */

/* Begin PBXSourcesBuildPhase section */
		7116FCE72737B3D4009AFC72 /* Sources */ = {
			isa = PBXSourcesBuildPhase;
			buildActionMask = 2147483647;
			files = (
				7116FCF12737B3D4009AFC72 /* ContentView.swift in Sources */,
				7116FCFD2737B42C009AFC72 /* GesturesUse.swift in Sources */,
				7116FD012737B9D9009AFC72 /* GestureDrag.swift in Sources */,
				7116FCEF2737B3D4009AFC72 /* GesturesHapticApp.swift in Sources */,
				7116FCFF2737B924009AFC72 /* Gesturespriorities.swift in Sources */,
			);
			runOnlyForDeploymentPostprocessing = 0;
		};
/* End PBXSourcesBuildPhase section */

/* Begin XCBuildConfiguration section */
		7116FCF72737B3D6009AFC72 /* Debug */ = {
			isa = XCBuildConfiguration;
			buildSettings = {
				ALWAYS_SEARCH_USER_PATHS = NO;
				CLANG_ANALYZER_NONNULL = YES;
				CLANG_ANALYZER_NUMBER_OBJECT_CONVERSION = YES_AGGRESSIVE;
				CLANG_CXX_LANGUAGE_STANDARD = "gnu++17";
				CLANG_CXX_LIBRARY = "libc++";
				CLANG_ENABLE_MODULES = YES;
				CLANG_ENABLE_OBJC_ARC = YES;
				CLANG_ENABLE_OBJC_WEAK = YES;
				CLANG_WARN_BLOCK_CAPTURE_AUTORELEASING = YES;
				CLANG_WARN_BOOL_CONVERSION = YES;
				CLANG_WARN_COMMA = YES;
				CLANG_WARN_CONSTANT_CONVERSION = YES;
				CLANG_WARN_DEPRECATED_OBJC_IMPLEMENTATIONS = YES;
				CLANG_WARN_DIRECT_OBJC_ISA_USAGE = YES_ERROR;
				CLANG_WARN_DOCUMENTATION_COMMENTS = YES;
				CLANG_WARN_EMPTY_BODY = YES;
				CLANG_WARN_ENUM_CONVERSION = YES;
				CLANG_WARN_INFINITE_RECURSION = YES;
				CLANG_WARN_INT_CONVERSION = YES;
				CLANG_WARN_NON_LITERAL_NULL_CONVERSION = YES;
				CLANG_WARN_OBJC_IMPLICIT_RETAIN_SELF = YES;
				CLANG_WARN_OBJC_LITERAL_CONVERSION = YES;
				CLANG_WARN_OBJC_ROOT_CLASS = YES_ERROR;
				CLANG_WARN_QUOTED_INCLUDE_IN_FRAMEWORK_HEADER = YES;
				CLANG_WARN_RANGE_LOOP_ANALYSIS = YES;
				CLANG_WARN_STRICT_PROTOTYPES = YES;
				CLANG_WARN_SUSPICIOUS_MOVE = YES;
				CLANG_WARN_UNGUARDED_AVAILABILITY = YES_AGGRESSIVE;
				CLANG_WARN_UNREACHABLE_CODE = YES;
				CLANG_WARN__DUPLICATE_METHOD_MATCH = YES;
				COPY_PHASE_STRIP = NO;
				DEBUG_INFORMATION_FORMAT = dwarf;
				ENABLE_STRICT_OBJC_MSGSEND = YES;
				ENABLE_TESTABILITY = YES;
				GCC_C_LANGUAGE_STANDARD = gnu11;
				GCC_DYNAMIC_NO_PIC = NO;
				GCC_NO_COMMON_BLOCKS = YES;
				GCC_OPTIMIZATION_LEVEL = 0;
				GCC_PREPROCESSOR_DEFINITIONS = (
					"DEBUG=1",
					"$(inherited)",
				);
				GCC_WARN_64_TO_32_BIT_CONVERSION = YES;
				GCC_WARN_ABOUT_RETURN_TYPE = YES_ERROR;
				GCC_WARN_UNDECLARED_SELECTOR = YES;
				GCC_WARN_UNINITIALIZED_AUTOS = YES_AGGRESSIVE;
				GCC_WARN_UNUSED_FUNCTION = YES;
				GCC_WARN_UNUSED_VARIABLE = YES;
				IPHONEOS_DEPLOYMENT_TARGET = 15.0;
				MTL_ENABLE_DEBUG_INFO = INCLUDE_SOURCE;
				MTL_FAST_MATH = YES;
				ONLY_ACTIVE_ARCH = YES;
				SDKROOT = iphoneos;
				SWIFT_ACTIVE_COMPILATION_CONDITIONS = DEBUG;
				SWIFT_OPTIMIZATION_LEVEL = "-Onone";
			};
			name = Debug;
		};
		7116FCF82737B3D6009AFC72 /* Release */ = {
			isa = XCBuildConfiguration;
			buildSettings = {
				ALWAYS_SEARCH_USER_PATHS = NO;
				CLANG_ANALYZER_NONNULL = YES;
				CLANG_ANALYZER_NUMBER_OBJECT_CONVERSION = YES_AGGRESSIVE;
				CLANG_CXX_LANGUAGE_STANDARD = "gnu++17";
				CLANG_CXX_LIBRARY = "libc++";
				CLANG_ENABLE_MODULES = YES;
				CLANG_ENABLE_OBJC_ARC = YES;
				CLANG_ENABLE_OBJC_WEAK = YES;
				CLANG_WARN_BLOCK_CAPTURE_AUTORELEASING = YES;
				CLANG_WARN_BOOL_CONVERSION = YES;
				CLANG_WARN_COMMA = YES;
				CLANG_WARN_CONSTANT_CONVERSION = YES;
				CLANG_WARN_DEPRECATED_OBJC_IMPLEMENTATIONS = YES;
				CLANG_WARN_DIRECT_OBJC_ISA_USAGE = YES_ERROR;
				CLANG_WARN_DOCUMENTATION_COMMENTS = YES;
				CLANG_WARN_EMPTY_BODY = YES;
				CLANG_WARN_ENUM_CONVERSION = YES;
				CLANG_WARN_INFINITE_RECURSION = YES;
				CLANG_WARN_INT_CONVERSION = YES;
				CLANG_WARN_NON_LITERAL_NULL_CONVERSION = YES;
				CLANG_WARN_OBJC_IMPLICIT_RETAIN_SELF = YES;
				CLANG_WARN_OBJC_LITERAL_CONVERSION = YES;
				CLANG_WARN_OBJC_ROOT_CLASS = YES_ERROR;
				CLANG_WARN_QUOTED_INCLUDE_IN_FRAMEWORK_HEADER = YES;
				CLANG_WARN_RANGE_LOOP_ANALYSIS = YES;
				CLANG_WARN_STRICT_PROTOTYPES = YES;
				CLANG_WARN_SUSPICIOUS_MOVE = YES;
				CLANG_WARN_UNGUARDED_AVAILABILITY = YES_AGGRESSIVE;
				CLANG_WARN_UNREACHABLE_CODE = YES;
				CLANG_WARN__DUPLICATE_METHOD_MATCH = YES;
				COPY_PHASE_STRIP = NO;
				DEBUG_INFORMATION_FORMAT = "dwarf-with-dsym";
				ENABLE_NS_ASSERTIONS = NO;
				ENABLE_STRICT_OBJC_MSGSEND = YES;
				GCC_C_LANGUAGE_STANDARD = gnu11;
				GCC_NO_COMMON_BLOCKS = YES;
				GCC_WARN_64_TO_32_BIT_CONVERSION = YES;
				GCC_WARN_ABOUT_RETURN_TYPE = YES_ERROR;
				GCC_WARN_UNDECLARED_SELECTOR = YES;
				GCC_WARN_UNINITIALIZED_AUTOS = YES_AGGRESSIVE;
				GCC_WARN_UNUSED_FUNCTION = YES;
				GCC_WARN_UNUSED_VARIABLE = YES;
				IPHONEOS_DEPLOYMENT_TARGET = 15.0;
				MTL_ENABLE_DEBUG_INFO = NO;
				MTL_FAST_MATH = YES;
				SDKROOT = iphoneos;
				SWIFT_COMPILATION_MODE = wholemodule;
				SWIFT_OPTIMIZATION_LEVEL = "-O";
				VALIDATE_PRODUCT = YES;
			};
			name = Release;
		};
		7116FCFA2737B3D6009AFC72 /* Debug */ = {
			isa = XCBuildConfiguration;
			buildSettings = {
				ASSETCATALOG_COMPILER_APPICON_NAME = AppIcon;
				ASSETCATALOG_COMPILER_GLOBAL_ACCENT_COLOR_NAME = AccentColor;
				CODE_SIGN_STYLE = Automatic;
				CURRENT_PROJECT_VERSION = 1;
				DEVELOPMENT_ASSET_PATHS = "\"GesturesHaptic/Preview Content\"";
				DEVELOPMENT_TEAM = G6V85GALCN;
				ENABLE_PREVIEWS = YES;
				GENERATE_INFOPLIST_FILE = YES;
				INFOPLIST_KEY_UIApplicationSceneManifest_Generation = YES;
				INFOPLIST_KEY_UIApplicationSupportsIndirectInputEvents = YES;
				INFOPLIST_KEY_UILaunchScreen_Generation = YES;
				INFOPLIST_KEY_UISupportedInterfaceOrientations_iPad = "UIInterfaceOrientationPortrait UIInterfaceOrientationPortraitUpsideDown UIInterfaceOrientationLandscapeLeft UIInterfaceOrientationLandscapeRight";
				INFOPLIST_KEY_UISupportedInterfaceOrientations_iPhone = "UIInterfaceOrientationPortrait UIInterfaceOrientationLandscapeLeft UIInterfaceOrientationLandscapeRight";
				LD_RUNPATH_SEARCH_PATHS = (
					"$(inherited)",
					"@executable_path/Frameworks",
				);
				MARKETING_VERSION = 1.0;
				PRODUCT_BUNDLE_IDENTIFIER = net.naolin.GesturesHaptic;
				PRODUCT_NAME = "$(TARGET_NAME)";
				SWIFT_EMIT_LOC_STRINGS = YES;
				SWIFT_VERSION = 5.0;
				TARGETED_DEVICE_FAMILY = "1,2";
			};
			name = Debug;
		};
		7116FCFB2737B3D6009AFC72 /* Release */ = {
			isa = XCBuildConfiguration;
			buildSettings = {
				ASSETCATALOG_COMPILER_APPICON_NAME = AppIcon;
				ASSETCATALOG_COMPILER_GLOBAL_ACCENT_COLOR_NAME = AccentColor;
				CODE_SIGN_STYLE = Automatic;
				CURRENT_PROJECT_VERSION = 1;
				DEVELOPMENT_ASSET_PATHS = "\"GesturesHaptic/Preview Content\"";
				DEVELOPMENT_TEAM = G6V85GALCN;
				ENABLE_PREVIEWS = YES;
				GENERATE_INFOPLIST_FILE = YES;
				INFOPLIST_KEY_UIApplicationSceneManifest_Generation = YES;
				INFOPLIST_KEY_UIApplicationSupportsIndirectInputEvents = YES;
				INFOPLIST_KEY_UILaunchScreen_Generation = YES;
				INFOPLIST_KEY_UISupportedInterfaceOrientations_iPad = "UIInterfaceOrientationPortrait UIInterfaceOrientationPortraitUpsideDown UIInterfaceOrientationLandscapeLeft UIInterfaceOrientationLandscapeRight";
				INFOPLIST_KEY_UISupportedInterfaceOrientations_iPhone = "UIInterfaceOrientationPortrait UIInterfaceOrientationLandscapeLeft UIInterfaceOrientationLandscapeRight";
				LD_RUNPATH_SEARCH_PATHS = (
					"$(inherited)",
					"@executable_path/Frameworks",
				);
				MARKETING_VERSION = 1.0;
				PRODUCT_BUNDLE_IDENTIFIER = net.naolin.GesturesHaptic;
				PRODUCT_NAME = "$(TARGET_NAME)";
				SWIFT_EMIT_LOC_STRINGS = YES;
				SWIFT_VERSION = 5.0;
				TARGETED_DEVICE_FAMILY = "1,2";
			};
			name = Release;
		};
/* End XCBuildConfiguration section */

/* Begin XCConfigurationList section */
		7116FCE62737B3D4009AFC72 /* Build configuration list for PBXProject "GesturesHaptic" */ = {
			isa = XCConfigurationList;
			buildConfigurations = (
				7116FCF72737B3D6009AFC72 /* Debug */,
				7116FCF82737B3D6009AFC72 /* Release */,
			);
			defaultConfigurationIsVisible = 0;
			defaultConfigurationName = Release;
		};
		7116FCF92737B3D6009AFC72 /* Build configuration list for PBXNativeTarget "GesturesHaptic" */ = {
			isa = XCConfigurationList;
			buildConfigurations = (
				7116FCFA2737B3D6009AFC72 /* Debug */,
				7116FCFB2737B3D6009AFC72 /* Release */,
			);
			defaultConfigurationIsVisible = 0;
			defaultConfigurationName = Release;
		};
/* End XCConfigurationList section */
	};
	rootObject = 7116FCE32737B3D4009AFC72 /* Project object */;
}
