// !$*UTF8*$!
{
	archiveVersion = 1;
	classes = {
	};
	objectVersion = 55;
	objects = {

/* Begin PBXBuildFile section */
		711A9DAC271C5E3100A05752 /* AnimatingComplexWithAnimatablePair.swift in Sources */ = {isa = PBXBuildFile; fileRef = 711A9DAB271C5E3100A05752 /* AnimatingComplexWithAnimatablePair.swift */; };
		714EEE43271C5923002AEDE1 /* SpecialEffectSlider.swift in Sources */ = {isa = PBXBuildFile; fileRef = 714EEE42271C5923002AEDE1 /* SpecialEffectSlider.swift */; };
		714EEE45271C5B49002AEDE1 /* AnimatingWithAnimatableData.swift in Sources */ = {isa = PBXBuildFile; fileRef = 714EEE44271C5B49002AEDE1 /* AnimatingWithAnimatableData.swift */; };
		71688C3327184C3600735F7E /* PathVSShapes.swift in Sources */ = {isa = PBXBuildFile; fileRef = 71688C3227184C3600735F7E /* PathVSShapes.swift */; };
		71688C3527184EC700735F7E /* StrokeBorderWithInsettableShape.swift in Sources */ = {isa = PBXBuildFile; fileRef = 71688C3427184EC600735F7E /* StrokeBorderWithInsettableShape.swift */; };
		71688C3727184F4E00735F7E /* ShapeModel.swift in Sources */ = {isa = PBXBuildFile; fileRef = 71688C3627184F4E00735F7E /* ShapeModel.swift */; };
		717A5DDC271848E50076C1C2 /* DrawingApp.swift in Sources */ = {isa = PBXBuildFile; fileRef = 717A5DDB271848E50076C1C2 /* DrawingApp.swift */; };
		717A5DDE271848E50076C1C2 /* ContentView.swift in Sources */ = {isa = PBXBuildFile; fileRef = 717A5DDD271848E50076C1C2 /* ContentView.swift */; };
		717A5DE0271848E80076C1C2 /* Assets.xcassets in Resources */ = {isa = PBXBuildFile; fileRef = 717A5DDF271848E80076C1C2 /* Assets.xcassets */; };
		717A5DE3271848E80076C1C2 /* Preview Assets.xcassets in Resources */ = {isa = PBXBuildFile; fileRef = 717A5DE2271848E80076C1C2 /* Preview Assets.xcassets */; };
		717A5DEC271849490076C1C2 /* CustomPaths.swift in Sources */ = {isa = PBXBuildFile; fileRef = 717A5DEB271849490076C1C2 /* CustomPaths.swift */; };
		719D4C582719A9E90087A7E8 /* CGAffineTransformAndFills.swift in Sources */ = {isa = PBXBuildFile; fileRef = 719D4C572719A9E90087A7E8 /* CGAffineTransformAndFills.swift */; };
		719D4C5A2719AD2E0087A7E8 /* ImagepaintToBorderAndFill.swift in Sources */ = {isa = PBXBuildFile; fileRef = 719D4C592719AD2E0087A7E8 /* ImagepaintToBorderAndFill.swift */; };
		719D4C5C2719B02D0087A7E8 /* MetalWithDrawingGroup.swift in Sources */ = {isa = PBXBuildFile; fileRef = 719D4C5B2719B02D0087A7E8 /* MetalWithDrawingGroup.swift */; };
		719D4C5E2719B5920087A7E8 /* SpecialEffects.swift in Sources */ = {isa = PBXBuildFile; fileRef = 719D4C5D2719B5920087A7E8 /* SpecialEffects.swift */; };
/* End PBXBuildFile section */

/* Begin PBXFileReference section */
		711A9DAB271C5E3100A05752 /* AnimatingComplexWithAnimatablePair.swift */ = {isa = PBXFileReference; lastKnownFileType = sourcecode.swift; path = AnimatingComplexWithAnimatablePair.swift; sourceTree = "<group>"; };
		714EEE42271C5923002AEDE1 /* SpecialEffectSlider.swift */ = {isa = PBXFileReference; lastKnownFileType = sourcecode.swift; path = SpecialEffectSlider.swift; sourceTree = "<group>"; };
		714EEE44271C5B49002AEDE1 /* AnimatingWithAnimatableData.swift */ = {isa = PBXFileReference; lastKnownFileType = sourcecode.swift; path = AnimatingWithAnimatableData.swift; sourceTree = "<group>"; };
		71688C3227184C3600735F7E /* PathVSShapes.swift */ = {isa = PBXFileReference; lastKnownFileType = sourcecode.swift; path = PathVSShapes.swift; sourceTree = "<group>"; };
		71688C3427184EC600735F7E /* StrokeBorderWithInsettableShape.swift */ = {isa = PBXFileReference; lastKnownFileType = sourcecode.swift; path = StrokeBorderWithInsettableShape.swift; sourceTree = "<group>"; };
		71688C3627184F4E00735F7E /* ShapeModel.swift */ = {isa = PBXFileReference; lastKnownFileType = sourcecode.swift; path = ShapeModel.swift; sourceTree = "<group>"; };
		717A5DD8271848E50076C1C2 /* Drawing.app */ = {isa = PBXFileReference; explicitFileType = wrapper.application; includeInIndex = 0; path = Drawing.app; sourceTree = BUILT_PRODUCTS_DIR; };
		717A5DDB271848E50076C1C2 /* DrawingApp.swift */ = {isa = PBXFileReference; lastKnownFileType = sourcecode.swift; path = DrawingApp.swift; sourceTree = "<group>"; };
		717A5DDD271848E50076C1C2 /* ContentView.swift */ = {isa = PBXFileReference; lastKnownFileType = sourcecode.swift; path = ContentView.swift; sourceTree = "<group>"; };
		717A5DDF271848E80076C1C2 /* Assets.xcassets */ = {isa = PBXFileReference; lastKnownFileType = folder.assetcatalog; path = Assets.xcassets; sourceTree = "<group>"; };
		717A5DE2271848E80076C1C2 /* Preview Assets.xcassets */ = {isa = PBXFileReference; lastKnownFileType = folder.assetcatalog; path = "Preview Assets.xcassets"; sourceTree = "<group>"; };
		717A5DEB271849490076C1C2 /* CustomPaths.swift */ = {isa = PBXFileReference; lastKnownFileType = sourcecode.swift; path = CustomPaths.swift; sourceTree = "<group>"; };
		719D4C572719A9E90087A7E8 /* CGAffineTransformAndFills.swift */ = {isa = PBXFileReference; lastKnownFileType = sourcecode.swift; path = CGAffineTransformAndFills.swift; sourceTree = "<group>"; };
		719D4C592719AD2E0087A7E8 /* ImagepaintToBorderAndFill.swift */ = {isa = PBXFileReference; lastKnownFileType = sourcecode.swift; path = ImagepaintToBorderAndFill.swift; sourceTree = "<group>"; };
		719D4C5B2719B02D0087A7E8 /* MetalWithDrawingGroup.swift */ = {isa = PBXFileReference; lastKnownFileType = sourcecode.swift; path = MetalWithDrawingGroup.swift; sourceTree = "<group>"; };
		719D4C5D2719B5920087A7E8 /* SpecialEffects.swift */ = {isa = PBXFileReference; lastKnownFileType = sourcecode.swift; path = SpecialEffects.swift; sourceTree = "<group>"; };
/* End PBXFileReference section */

/* Begin PBXFrameworksBuildPhase section */
		717A5DD5271848E50076C1C2 /* Frameworks */ = {
			isa = PBXFrameworksBuildPhase;
			buildActionMask = 2147483647;
			files = (
			);
			runOnlyForDeploymentPostprocessing = 0;
		};
/* End PBXFrameworksBuildPhase section */

/* Begin PBXGroup section */
		717A5DCF271848E50076C1C2 = {
			isa = PBXGroup;
			children = (
				717A5DDA271848E50076C1C2 /* Drawing */,
				717A5DD9271848E50076C1C2 /* Products */,
			);
			sourceTree = "<group>";
		};
		717A5DD9271848E50076C1C2 /* Products */ = {
			isa = PBXGroup;
			children = (
				717A5DD8271848E50076C1C2 /* Drawing.app */,
			);
			name = Products;
			sourceTree = "<group>";
		};
		717A5DDA271848E50076C1C2 /* Drawing */ = {
			isa = PBXGroup;
			children = (
				717A5DDB271848E50076C1C2 /* DrawingApp.swift */,
				717A5DEA271849250076C1C2 /* View */,
				717A5DDF271848E80076C1C2 /* Assets.xcassets */,
				717A5DE1271848E80076C1C2 /* Preview Content */,
				71688C3627184F4E00735F7E /* ShapeModel.swift */,
			);
			path = Drawing;
			sourceTree = "<group>";
		};
		717A5DE1271848E80076C1C2 /* Preview Content */ = {
			isa = PBXGroup;
			children = (
				717A5DE2271848E80076C1C2 /* Preview Assets.xcassets */,
			);
			path = "Preview Content";
			sourceTree = "<group>";
		};
		717A5DEA271849250076C1C2 /* View */ = {
			isa = PBXGroup;
			children = (
				717A5DDD271848E50076C1C2 /* ContentView.swift */,
				717A5DEB271849490076C1C2 /* CustomPaths.swift */,
				71688C3227184C3600735F7E /* PathVSShapes.swift */,
				71688C3427184EC600735F7E /* StrokeBorderWithInsettableShape.swift */,
				719D4C572719A9E90087A7E8 /* CGAffineTransformAndFills.swift */,
				719D4C592719AD2E0087A7E8 /* ImagepaintToBorderAndFill.swift */,
				719D4C5B2719B02D0087A7E8 /* MetalWithDrawingGroup.swift */,
				719D4C5D2719B5920087A7E8 /* SpecialEffects.swift */,
				714EEE42271C5923002AEDE1 /* SpecialEffectSlider.swift */,
				714EEE44271C5B49002AEDE1 /* AnimatingWithAnimatableData.swift */,
				711A9DAB271C5E3100A05752 /* AnimatingComplexWithAnimatablePair.swift */,
			);
			path = View;
			sourceTree = "<group>";
		};
/* End PBXGroup section */

/* Begin PBXNativeTarget section */
		717A5DD7271848E50076C1C2 /* Drawing */ = {
			isa = PBXNativeTarget;
			buildConfigurationList = 717A5DE6271848E80076C1C2 /* Build configuration list for PBXNativeTarget "Drawing" */;
			buildPhases = (
				717A5DD4271848E50076C1C2 /* Sources */,
				717A5DD5271848E50076C1C2 /* Frameworks */,
				717A5DD6271848E50076C1C2 /* Resources */,
			);
			buildRules = (
			);
			dependencies = (
			);
			name = Drawing;
			productName = Drawing;
			productReference = 717A5DD8271848E50076C1C2 /* Drawing.app */;
			productType = "com.apple.product-type.application";
		};
/* End PBXNativeTarget section */

/* Begin PBXProject section */
		717A5DD0271848E50076C1C2 /* Project object */ = {
			isa = PBXProject;
			attributes = {
				BuildIndependentTargetsInParallel = 1;
				LastSwiftUpdateCheck = 1300;
				LastUpgradeCheck = 1300;
				TargetAttributes = {
					717A5DD7271848E50076C1C2 = {
						CreatedOnToolsVersion = 13.0;
					};
				};
			};
			buildConfigurationList = 717A5DD3271848E50076C1C2 /* Build configuration list for PBXProject "Drawing" */;
			compatibilityVersion = "Xcode 13.0";
			developmentRegion = en;
			hasScannedForEncodings = 0;
			knownRegions = (
				en,
				Base,
			);
			mainGroup = 717A5DCF271848E50076C1C2;
			productRefGroup = 717A5DD9271848E50076C1C2 /* Products */;
			projectDirPath = "";
			projectRoot = "";
			targets = (
				717A5DD7271848E50076C1C2 /* Drawing */,
			);
		};
/* End PBXProject section */

/* Begin PBXResourcesBuildPhase section */
		717A5DD6271848E50076C1C2 /* Resources */ = {
			isa = PBXResourcesBuildPhase;
			buildActionMask = 2147483647;
			files = (
				717A5DE3271848E80076C1C2 /* Preview Assets.xcassets in Resources */,
				717A5DE0271848E80076C1C2 /* Assets.xcassets in Resources */,
			);
			runOnlyForDeploymentPostprocessing = 0;
		};
/* End PBXResourcesBuildPhase section */

/* Begin PBXSourcesBuildPhase section */
		717A5DD4271848E50076C1C2 /* Sources */ = {
			isa = PBXSourcesBuildPhase;
			buildActionMask = 2147483647;
			files = (
				714EEE45271C5B49002AEDE1 /* AnimatingWithAnimatableData.swift in Sources */,
				717A5DEC271849490076C1C2 /* CustomPaths.swift in Sources */,
				71688C3727184F4E00735F7E /* ShapeModel.swift in Sources */,
				71688C3527184EC700735F7E /* StrokeBorderWithInsettableShape.swift in Sources */,
				711A9DAC271C5E3100A05752 /* AnimatingComplexWithAnimatablePair.swift in Sources */,
				717A5DDE271848E50076C1C2 /* ContentView.swift in Sources */,
				719D4C5E2719B5920087A7E8 /* SpecialEffects.swift in Sources */,
				717A5DDC271848E50076C1C2 /* DrawingApp.swift in Sources */,
				719D4C5C2719B02D0087A7E8 /* MetalWithDrawingGroup.swift in Sources */,
				714EEE43271C5923002AEDE1 /* SpecialEffectSlider.swift in Sources */,
				71688C3327184C3600735F7E /* PathVSShapes.swift in Sources */,
				719D4C582719A9E90087A7E8 /* CGAffineTransformAndFills.swift in Sources */,
				719D4C5A2719AD2E0087A7E8 /* ImagepaintToBorderAndFill.swift in Sources */,
			);
			runOnlyForDeploymentPostprocessing = 0;
		};
/* End PBXSourcesBuildPhase section */

/* Begin XCBuildConfiguration section */
		717A5DE4271848E80076C1C2 /* Debug */ = {
			isa = XCBuildConfiguration;
			buildSettings = {
				ALWAYS_SEARCH_USER_PATHS = NO;
				CLANG_ANALYZER_NONNULL = YES;
				CLANG_ANALYZER_NUMBER_OBJECT_CONVERSION = YES_AGGRESSIVE;
				CLANG_CXX_LANGUAGE_STANDARD = "gnu++17";
				CLANG_CXX_LIBRARY = "libc++";
				CLANG_ENABLE_MODULES = YES;
				CLANG_ENABLE_OBJC_ARC = YES;
				CLANG_ENABLE_OBJC_WEAK = YES;
				CLANG_WARN_BLOCK_CAPTURE_AUTORELEASING = YES;
				CLANG_WARN_BOOL_CONVERSION = YES;
				CLANG_WARN_COMMA = YES;
				CLANG_WARN_CONSTANT_CONVERSION = YES;
				CLANG_WARN_DEPRECATED_OBJC_IMPLEMENTATIONS = YES;
				CLANG_WARN_DIRECT_OBJC_ISA_USAGE = YES_ERROR;
				CLANG_WARN_DOCUMENTATION_COMMENTS = YES;
				CLANG_WARN_EMPTY_BODY = YES;
				CLANG_WARN_ENUM_CONVERSION = YES;
				CLANG_WARN_INFINITE_RECURSION = YES;
				CLANG_WARN_INT_CONVERSION = YES;
				CLANG_WARN_NON_LITERAL_NULL_CONVERSION = YES;
				CLANG_WARN_OBJC_IMPLICIT_RETAIN_SELF = YES;
				CLANG_WARN_OBJC_LITERAL_CONVERSION = YES;
				CLANG_WARN_OBJC_ROOT_CLASS = YES_ERROR;
				CLANG_WARN_QUOTED_INCLUDE_IN_FRAMEWORK_HEADER = YES;
				CLANG_WARN_RANGE_LOOP_ANALYSIS = YES;
				CLANG_WARN_STRICT_PROTOTYPES = YES;
				CLANG_WARN_SUSPICIOUS_MOVE = YES;
				CLANG_WARN_UNGUARDED_AVAILABILITY = YES_AGGRESSIVE;
				CLANG_WARN_UNREACHABLE_CODE = YES;
				CLANG_WARN__DUPLICATE_METHOD_MATCH = YES;
				COPY_PHASE_STRIP = NO;
				DEBUG_INFORMATION_FORMAT = dwarf;
				ENABLE_STRICT_OBJC_MSGSEND = YES;
				ENABLE_TESTABILITY = YES;
				GCC_C_LANGUAGE_STANDARD = gnu11;
				GCC_DYNAMIC_NO_PIC = NO;
				GCC_NO_COMMON_BLOCKS = YES;
				GCC_OPTIMIZATION_LEVEL = 0;
				GCC_PREPROCESSOR_DEFINITIONS = (
					"DEBUG=1",
					"$(inherited)",
				);
				GCC_WARN_64_TO_32_BIT_CONVERSION = YES;
				GCC_WARN_ABOUT_RETURN_TYPE = YES_ERROR;
				GCC_WARN_UNDECLARED_SELECTOR = YES;
				GCC_WARN_UNINITIALIZED_AUTOS = YES_AGGRESSIVE;
				GCC_WARN_UNUSED_FUNCTION = YES;
				GCC_WARN_UNUSED_VARIABLE = YES;
				IPHONEOS_DEPLOYMENT_TARGET = 15.0;
				MTL_ENABLE_DEBUG_INFO = INCLUDE_SOURCE;
				MTL_FAST_MATH = YES;
				ONLY_ACTIVE_ARCH = YES;
				SDKROOT = iphoneos;
				SWIFT_ACTIVE_COMPILATION_CONDITIONS = DEBUG;
				SWIFT_OPTIMIZATION_LEVEL = "-Onone";
			};
			name = Debug;
		};
		717A5DE5271848E80076C1C2 /* Release */ = {
			isa = XCBuildConfiguration;
			buildSettings = {
				ALWAYS_SEARCH_USER_PATHS = NO;
				CLANG_ANALYZER_NONNULL = YES;
				CLANG_ANALYZER_NUMBER_OBJECT_CONVERSION = YES_AGGRESSIVE;
				CLANG_CXX_LANGUAGE_STANDARD = "gnu++17";
				CLANG_CXX_LIBRARY = "libc++";
				CLANG_ENABLE_MODULES = YES;
				CLANG_ENABLE_OBJC_ARC = YES;
				CLANG_ENABLE_OBJC_WEAK = YES;
				CLANG_WARN_BLOCK_CAPTURE_AUTORELEASING = YES;
				CLANG_WARN_BOOL_CONVERSION = YES;
				CLANG_WARN_COMMA = YES;
				CLANG_WARN_CONSTANT_CONVERSION = YES;
				CLANG_WARN_DEPRECATED_OBJC_IMPLEMENTATIONS = YES;
				CLANG_WARN_DIRECT_OBJC_ISA_USAGE = YES_ERROR;
				CLANG_WARN_DOCUMENTATION_COMMENTS = YES;
				CLANG_WARN_EMPTY_BODY = YES;
				CLANG_WARN_ENUM_CONVERSION = YES;
				CLANG_WARN_INFINITE_RECURSION = YES;
				CLANG_WARN_INT_CONVERSION = YES;
				CLANG_WARN_NON_LITERAL_NULL_CONVERSION = YES;
				CLANG_WARN_OBJC_IMPLICIT_RETAIN_SELF = YES;
				CLANG_WARN_OBJC_LITERAL_CONVERSION = YES;
				CLANG_WARN_OBJC_ROOT_CLASS = YES_ERROR;
				CLANG_WARN_QUOTED_INCLUDE_IN_FRAMEWORK_HEADER = YES;
				CLANG_WARN_RANGE_LOOP_ANALYSIS = YES;
				CLANG_WARN_STRICT_PROTOTYPES = YES;
				CLANG_WARN_SUSPICIOUS_MOVE = YES;
				CLANG_WARN_UNGUARDED_AVAILABILITY = YES_AGGRESSIVE;
				CLANG_WARN_UNREACHABLE_CODE = YES;
				CLANG_WARN__DUPLICATE_METHOD_MATCH = YES;
				COPY_PHASE_STRIP = NO;
				DEBUG_INFORMATION_FORMAT = "dwarf-with-dsym";
				ENABLE_NS_ASSERTIONS = NO;
				ENABLE_STRICT_OBJC_MSGSEND = YES;
				GCC_C_LANGUAGE_STANDARD = gnu11;
				GCC_NO_COMMON_BLOCKS = YES;
				GCC_WARN_64_TO_32_BIT_CONVERSION = YES;
				GCC_WARN_ABOUT_RETURN_TYPE = YES_ERROR;
				GCC_WARN_UNDECLARED_SELECTOR = YES;
				GCC_WARN_UNINITIALIZED_AUTOS = YES_AGGRESSIVE;
				GCC_WARN_UNUSED_FUNCTION = YES;
				GCC_WARN_UNUSED_VARIABLE = YES;
				IPHONEOS_DEPLOYMENT_TARGET = 15.0;
				MTL_ENABLE_DEBUG_INFO = NO;
				MTL_FAST_MATH = YES;
				SDKROOT = iphoneos;
				SWIFT_COMPILATION_MODE = wholemodule;
				SWIFT_OPTIMIZATION_LEVEL = "-O";
				VALIDATE_PRODUCT = YES;
			};
			name = Release;
		};
		717A5DE7271848E80076C1C2 /* Debug */ = {
			isa = XCBuildConfiguration;
			buildSettings = {
				ASSETCATALOG_COMPILER_APPICON_NAME = AppIcon;
				ASSETCATALOG_COMPILER_GLOBAL_ACCENT_COLOR_NAME = AccentColor;
				CODE_SIGN_STYLE = Automatic;
				CURRENT_PROJECT_VERSION = 1;
				DEVELOPMENT_ASSET_PATHS = "\"Drawing/Preview Content\"";
				DEVELOPMENT_TEAM = G6V85GALCN;
				ENABLE_PREVIEWS = YES;
				GENERATE_INFOPLIST_FILE = YES;
				INFOPLIST_KEY_UIApplicationSceneManifest_Generation = YES;
				INFOPLIST_KEY_UIApplicationSupportsIndirectInputEvents = YES;
				INFOPLIST_KEY_UILaunchScreen_Generation = YES;
				INFOPLIST_KEY_UISupportedInterfaceOrientations_iPad = "UIInterfaceOrientationPortrait UIInterfaceOrientationPortraitUpsideDown UIInterfaceOrientationLandscapeLeft UIInterfaceOrientationLandscapeRight";
				INFOPLIST_KEY_UISupportedInterfaceOrientations_iPhone = "UIInterfaceOrientationPortrait UIInterfaceOrientationLandscapeLeft UIInterfaceOrientationLandscapeRight";
				IPHONEOS_DEPLOYMENT_TARGET = 14.0;
				LD_RUNPATH_SEARCH_PATHS = (
					"$(inherited)",
					"@executable_path/Frameworks",
				);
				MARKETING_VERSION = 1.0;
				PRODUCT_BUNDLE_IDENTIFIER = com.naolin.Drawing;
				PRODUCT_NAME = "$(TARGET_NAME)";
				SWIFT_EMIT_LOC_STRINGS = YES;
				SWIFT_VERSION = 5.0;
				TARGETED_DEVICE_FAMILY = "1,2";
			};
			name = Debug;
		};
		717A5DE8271848E80076C1C2 /* Release */ = {
			isa = XCBuildConfiguration;
			buildSettings = {
				ASSETCATALOG_COMPILER_APPICON_NAME = AppIcon;
				ASSETCATALOG_COMPILER_GLOBAL_ACCENT_COLOR_NAME = AccentColor;
				CODE_SIGN_STYLE = Automatic;
				CURRENT_PROJECT_VERSION = 1;
				DEVELOPMENT_ASSET_PATHS = "\"Drawing/Preview Content\"";
				DEVELOPMENT_TEAM = G6V85GALCN;
				ENABLE_PREVIEWS = YES;
				GENERATE_INFOPLIST_FILE = YES;
				INFOPLIST_KEY_UIApplicationSceneManifest_Generation = YES;
				INFOPLIST_KEY_UIApplicationSupportsIndirectInputEvents = YES;
				INFOPLIST_KEY_UILaunchScreen_Generation = YES;
				INFOPLIST_KEY_UISupportedInterfaceOrientations_iPad = "UIInterfaceOrientationPortrait UIInterfaceOrientationPortraitUpsideDown UIInterfaceOrientationLandscapeLeft UIInterfaceOrientationLandscapeRight";
				INFOPLIST_KEY_UISupportedInterfaceOrientations_iPhone = "UIInterfaceOrientationPortrait UIInterfaceOrientationLandscapeLeft UIInterfaceOrientationLandscapeRight";
				IPHONEOS_DEPLOYMENT_TARGET = 14.0;
				LD_RUNPATH_SEARCH_PATHS = (
					"$(inherited)",
					"@executable_path/Frameworks",
				);
				MARKETING_VERSION = 1.0;
				PRODUCT_BUNDLE_IDENTIFIER = com.naolin.Drawing;
				PRODUCT_NAME = "$(TARGET_NAME)";
				SWIFT_EMIT_LOC_STRINGS = YES;
				SWIFT_VERSION = 5.0;
				TARGETED_DEVICE_FAMILY = "1,2";
			};
			name = Release;
		};
/* End XCBuildConfiguration section */

/* Begin XCConfigurationList section */
		717A5DD3271848E50076C1C2 /* Build configuration list for PBXProject "Drawing" */ = {
			isa = XCConfigurationList;
			buildConfigurations = (
				717A5DE4271848E80076C1C2 /* Debug */,
				717A5DE5271848E80076C1C2 /* Release */,
			);
			defaultConfigurationIsVisible = 0;
			defaultConfigurationName = Release;
		};
		717A5DE6271848E80076C1C2 /* Build configuration list for PBXNativeTarget "Drawing" */ = {
			isa = XCConfigurationList;
			buildConfigurations = (
				717A5DE7271848E80076C1C2 /* Debug */,
				717A5DE8271848E80076C1C2 /* Release */,
			);
			defaultConfigurationIsVisible = 0;
			defaultConfigurationName = Release;
		};
/* End XCConfigurationList section */
	};
	rootObject = 717A5DD0271848E50076C1C2 /* Project object */;
}
