// !$*UTF8*$!
{
	archiveVersion = 1;
	classes = {
	};
	objectVersion = 55;
	objects = {

/* Begin PBXBuildFile section */
		7116D89E27325A6400AE508D /* LocationFetcher.swift in Sources */ = {isa = PBXBuildFile; fileRef = 7116D89D27325A6400AE508D /* LocationFetcher.swift */; };
		7116D8A027325A9600AE508D /* LocationView.swift in Sources */ = {isa = PBXBuildFile; fileRef = 7116D89F27325A9600AE508D /* LocationView.swift */; };
		71272462273101BE00175850 /* NameCarderApp.swift in Sources */ = {isa = PBXBuildFile; fileRef = 71272461273101BE00175850 /* NameCarderApp.swift */; };
		71272464273101BE00175850 /* ContentView.swift in Sources */ = {isa = PBXBuildFile; fileRef = 71272463273101BE00175850 /* ContentView.swift */; };
		71272466273101BE00175850 /* Assets.xcassets in Resources */ = {isa = PBXBuildFile; fileRef = 71272465273101BE00175850 /* Assets.xcassets */; };
		71272469273101BE00175850 /* Preview Assets.xcassets in Resources */ = {isa = PBXBuildFile; fileRef = 71272468273101BE00175850 /* Preview Assets.xcassets */; };
		71272470273101E100175850 /* ImagePicker.swift in Sources */ = {isa = PBXBuildFile; fileRef = 7127246F273101E100175850 /* ImagePicker.swift */; };
		712724722731024000175850 /* ImagePickerView.swift in Sources */ = {isa = PBXBuildFile; fileRef = 712724712731024000175850 /* ImagePickerView.swift */; };
		712724762731101B00175850 /* TextFieldAlert.swift in Sources */ = {isa = PBXBuildFile; fileRef = 712724752731101B00175850 /* TextFieldAlert.swift */; };
		718C558827313AF500293DC5 /* DetailView.swift in Sources */ = {isa = PBXBuildFile; fileRef = 718C558727313AF500293DC5 /* DetailView.swift */; };
		71F545E3273115D90030812A /* AlertControl.swift in Sources */ = {isa = PBXBuildFile; fileRef = 71F545E2273115D90030812A /* AlertControl.swift */; };
		71F545E62731221A0030812A /* Model.xcdatamodeld in Sources */ = {isa = PBXBuildFile; fileRef = 71F545E42731221A0030812A /* Model.xcdatamodeld */; };
		71F545E8273123270030812A /* PersistenceController.swift in Sources */ = {isa = PBXBuildFile; fileRef = 71F545E7273123270030812A /* PersistenceController.swift */; };
		71F545EA2731313F0030812A /* NameListView.swift in Sources */ = {isa = PBXBuildFile; fileRef = 71F545E92731313F0030812A /* NameListView.swift */; };
/* End PBXBuildFile section */

/* Begin PBXFileReference section */
		7116D89D27325A6400AE508D /* LocationFetcher.swift */ = {isa = PBXFileReference; lastKnownFileType = sourcecode.swift; path = LocationFetcher.swift; sourceTree = "<group>"; };
		7116D89F27325A9600AE508D /* LocationView.swift */ = {isa = PBXFileReference; lastKnownFileType = sourcecode.swift; path = LocationView.swift; sourceTree = "<group>"; };
		7127245E273101BE00175850 /* NameCarder.app */ = {isa = PBXFileReference; explicitFileType = wrapper.application; includeInIndex = 0; path = NameCarder.app; sourceTree = BUILT_PRODUCTS_DIR; };
		71272461273101BE00175850 /* NameCarderApp.swift */ = {isa = PBXFileReference; lastKnownFileType = sourcecode.swift; path = NameCarderApp.swift; sourceTree = "<group>"; };
		71272463273101BE00175850 /* ContentView.swift */ = {isa = PBXFileReference; lastKnownFileType = sourcecode.swift; path = ContentView.swift; sourceTree = "<group>"; };
		71272465273101BE00175850 /* Assets.xcassets */ = {isa = PBXFileReference; lastKnownFileType = folder.assetcatalog; path = Assets.xcassets; sourceTree = "<group>"; };
		71272468273101BE00175850 /* Preview Assets.xcassets */ = {isa = PBXFileReference; lastKnownFileType = folder.assetcatalog; path = "Preview Assets.xcassets"; sourceTree = "<group>"; };
		7127246F273101E100175850 /* ImagePicker.swift */ = {isa = PBXFileReference; lastKnownFileType = sourcecode.swift; path = ImagePicker.swift; sourceTree = "<group>"; };
		712724712731024000175850 /* ImagePickerView.swift */ = {isa = PBXFileReference; lastKnownFileType = sourcecode.swift; path = ImagePickerView.swift; sourceTree = "<group>"; };
		712724752731101B00175850 /* TextFieldAlert.swift */ = {isa = PBXFileReference; lastKnownFileType = sourcecode.swift; path = TextFieldAlert.swift; sourceTree = "<group>"; };
		718C558727313AF500293DC5 /* DetailView.swift */ = {isa = PBXFileReference; lastKnownFileType = sourcecode.swift; path = DetailView.swift; sourceTree = "<group>"; };
		71F545E2273115D90030812A /* AlertControl.swift */ = {isa = PBXFileReference; lastKnownFileType = sourcecode.swift; path = AlertControl.swift; sourceTree = "<group>"; };
		71F545E52731221A0030812A /* Person.xcdatamodel */ = {isa = PBXFileReference; lastKnownFileType = wrapper.xcdatamodel; path = Person.xcdatamodel; sourceTree = "<group>"; };
		71F545E7273123270030812A /* PersistenceController.swift */ = {isa = PBXFileReference; lastKnownFileType = sourcecode.swift; path = PersistenceController.swift; sourceTree = "<group>"; };
		71F545E92731313F0030812A /* NameListView.swift */ = {isa = PBXFileReference; lastKnownFileType = sourcecode.swift; path = NameListView.swift; sourceTree = "<group>"; };
/* End PBXFileReference section */

/* Begin PBXFrameworksBuildPhase section */
		7127245B273101BE00175850 /* Frameworks */ = {
			isa = PBXFrameworksBuildPhase;
			buildActionMask = 2147483647;
			files = (
			);
			runOnlyForDeploymentPostprocessing = 0;
		};
/* End PBXFrameworksBuildPhase section */

/* Begin PBXGroup section */
		71272455273101BE00175850 = {
			isa = PBXGroup;
			children = (
				71272460273101BE00175850 /* NameCarder */,
				7127245F273101BE00175850 /* Products */,
			);
			sourceTree = "<group>";
		};
		7127245F273101BE00175850 /* Products */ = {
			isa = PBXGroup;
			children = (
				7127245E273101BE00175850 /* NameCarder.app */,
			);
			name = Products;
			sourceTree = "<group>";
		};
		71272460273101BE00175850 /* NameCarder */ = {
			isa = PBXGroup;
			children = (
				71272461273101BE00175850 /* NameCarderApp.swift */,
				71272463273101BE00175850 /* ContentView.swift */,
				71F545E2273115D90030812A /* AlertControl.swift */,
				712724712731024000175850 /* ImagePickerView.swift */,
				71F545E92731313F0030812A /* NameListView.swift */,
				718C558727313AF500293DC5 /* DetailView.swift */,
				71F545E7273123270030812A /* PersistenceController.swift */,
				71F545E42731221A0030812A /* Model.xcdatamodeld */,
				712724752731101B00175850 /* TextFieldAlert.swift */,
				7127246F273101E100175850 /* ImagePicker.swift */,
				7116D89F27325A9600AE508D /* LocationView.swift */,
				7116D89D27325A6400AE508D /* LocationFetcher.swift */,
				71272465273101BE00175850 /* Assets.xcassets */,
				71272467273101BE00175850 /* Preview Content */,
			);
			path = NameCarder;
			sourceTree = "<group>";
		};
		71272467273101BE00175850 /* Preview Content */ = {
			isa = PBXGroup;
			children = (
				71272468273101BE00175850 /* Preview Assets.xcassets */,
			);
			path = "Preview Content";
			sourceTree = "<group>";
		};
/* End PBXGroup section */

/* Begin PBXNativeTarget section */
		7127245D273101BE00175850 /* NameCarder */ = {
			isa = PBXNativeTarget;
			buildConfigurationList = 7127246C273101BE00175850 /* Build configuration list for PBXNativeTarget "NameCarder" */;
			buildPhases = (
				7127245A273101BE00175850 /* Sources */,
				7127245B273101BE00175850 /* Frameworks */,
				7127245C273101BE00175850 /* Resources */,
			);
			buildRules = (
			);
			dependencies = (
			);
			name = NameCarder;
			productName = NameCarder;
			productReference = 7127245E273101BE00175850 /* NameCarder.app */;
			productType = "com.apple.product-type.application";
		};
/* End PBXNativeTarget section */

/* Begin PBXProject section */
		71272456273101BE00175850 /* Project object */ = {
			isa = PBXProject;
			attributes = {
				BuildIndependentTargetsInParallel = 1;
				LastSwiftUpdateCheck = 1310;
				LastUpgradeCheck = 1310;
				TargetAttributes = {
					7127245D273101BE00175850 = {
						CreatedOnToolsVersion = 13.1;
					};
				};
			};
			buildConfigurationList = 71272459273101BE00175850 /* Build configuration list for PBXProject "NameCarder" */;
			compatibilityVersion = "Xcode 13.0";
			developmentRegion = en;
			hasScannedForEncodings = 0;
			knownRegions = (
				en,
				Base,
			);
			mainGroup = 71272455273101BE00175850;
			productRefGroup = 7127245F273101BE00175850 /* Products */;
			projectDirPath = "";
			projectRoot = "";
			targets = (
				7127245D273101BE00175850 /* NameCarder */,
			);
		};
/* End PBXProject section */

/* Begin PBXResourcesBuildPhase section */
		7127245C273101BE00175850 /* Resources */ = {
			isa = PBXResourcesBuildPhase;
			buildActionMask = 2147483647;
			files = (
				71272469273101BE00175850 /* Preview Assets.xcassets in Resources */,
				71272466273101BE00175850 /* Assets.xcassets in Resources */,
			);
			runOnlyForDeploymentPostprocessing = 0;
		};
/* End PBXResourcesBuildPhase section */

/* Begin PBXSourcesBuildPhase section */
		7127245A273101BE00175850 /* Sources */ = {
			isa = PBXSourcesBuildPhase;
			buildActionMask = 2147483647;
			files = (
				712724762731101B00175850 /* TextFieldAlert.swift in Sources */,
				7116D8A027325A9600AE508D /* LocationView.swift in Sources */,
				71F545E62731221A0030812A /* Model.xcdatamodeld in Sources */,
				712724722731024000175850 /* ImagePickerView.swift in Sources */,
				718C558827313AF500293DC5 /* DetailView.swift in Sources */,
				7116D89E27325A6400AE508D /* LocationFetcher.swift in Sources */,
				71F545EA2731313F0030812A /* NameListView.swift in Sources */,
				71272470273101E100175850 /* ImagePicker.swift in Sources */,
				71272464273101BE00175850 /* ContentView.swift in Sources */,
				71F545E3273115D90030812A /* AlertControl.swift in Sources */,
				71272462273101BE00175850 /* NameCarderApp.swift in Sources */,
				71F545E8273123270030812A /* PersistenceController.swift in Sources */,
			);
			runOnlyForDeploymentPostprocessing = 0;
		};
/* End PBXSourcesBuildPhase section */

/* Begin XCBuildConfiguration section */
		7127246A273101BE00175850 /* Debug */ = {
			isa = XCBuildConfiguration;
			buildSettings = {
				ALWAYS_SEARCH_USER_PATHS = NO;
				CLANG_ANALYZER_NONNULL = YES;
				CLANG_ANALYZER_NUMBER_OBJECT_CONVERSION = YES_AGGRESSIVE;
				CLANG_CXX_LANGUAGE_STANDARD = "gnu++17";
				CLANG_CXX_LIBRARY = "libc++";
				CLANG_ENABLE_MODULES = YES;
				CLANG_ENABLE_OBJC_ARC = YES;
				CLANG_ENABLE_OBJC_WEAK = YES;
				CLANG_WARN_BLOCK_CAPTURE_AUTORELEASING = YES;
				CLANG_WARN_BOOL_CONVERSION = YES;
				CLANG_WARN_COMMA = YES;
				CLANG_WARN_CONSTANT_CONVERSION = YES;
				CLANG_WARN_DEPRECATED_OBJC_IMPLEMENTATIONS = YES;
				CLANG_WARN_DIRECT_OBJC_ISA_USAGE = YES_ERROR;
				CLANG_WARN_DOCUMENTATION_COMMENTS = YES;
				CLANG_WARN_EMPTY_BODY = YES;
				CLANG_WARN_ENUM_CONVERSION = YES;
				CLANG_WARN_INFINITE_RECURSION = YES;
				CLANG_WARN_INT_CONVERSION = YES;
				CLANG_WARN_NON_LITERAL_NULL_CONVERSION = YES;
				CLANG_WARN_OBJC_IMPLICIT_RETAIN_SELF = YES;
				CLANG_WARN_OBJC_LITERAL_CONVERSION = YES;
				CLANG_WARN_OBJC_ROOT_CLASS = YES_ERROR;
				CLANG_WARN_QUOTED_INCLUDE_IN_FRAMEWORK_HEADER = YES;
				CLANG_WARN_RANGE_LOOP_ANALYSIS = YES;
				CLANG_WARN_STRICT_PROTOTYPES = YES;
				CLANG_WARN_SUSPICIOUS_MOVE = YES;
				CLANG_WARN_UNGUARDED_AVAILABILITY = YES_AGGRESSIVE;
				CLANG_WARN_UNREACHABLE_CODE = YES;
				CLANG_WARN__DUPLICATE_METHOD_MATCH = YES;
				COPY_PHASE_STRIP = NO;
				DEBUG_INFORMATION_FORMAT = dwarf;
				ENABLE_STRICT_OBJC_MSGSEND = YES;
				ENABLE_TESTABILITY = YES;
				GCC_C_LANGUAGE_STANDARD = gnu11;
				GCC_DYNAMIC_NO_PIC = NO;
				GCC_NO_COMMON_BLOCKS = YES;
				GCC_OPTIMIZATION_LEVEL = 0;
				GCC_PREPROCESSOR_DEFINITIONS = (
					"DEBUG=1",
					"$(inherited)",
				);
				GCC_WARN_64_TO_32_BIT_CONVERSION = YES;
				GCC_WARN_ABOUT_RETURN_TYPE = YES_ERROR;
				GCC_WARN_UNDECLARED_SELECTOR = YES;
				GCC_WARN_UNINITIALIZED_AUTOS = YES_AGGRESSIVE;
				GCC_WARN_UNUSED_FUNCTION = YES;
				GCC_WARN_UNUSED_VARIABLE = YES;
				IPHONEOS_DEPLOYMENT_TARGET = 15.0;
				MTL_ENABLE_DEBUG_INFO = INCLUDE_SOURCE;
				MTL_FAST_MATH = YES;
				ONLY_ACTIVE_ARCH = YES;
				SDKROOT = iphoneos;
				SWIFT_ACTIVE_COMPILATION_CONDITIONS = DEBUG;
				SWIFT_OPTIMIZATION_LEVEL = "-Onone";
			};
			name = Debug;
		};
		7127246B273101BE00175850 /* Release */ = {
			isa = XCBuildConfiguration;
			buildSettings = {
				ALWAYS_SEARCH_USER_PATHS = NO;
				CLANG_ANALYZER_NONNULL = YES;
				CLANG_ANALYZER_NUMBER_OBJECT_CONVERSION = YES_AGGRESSIVE;
				CLANG_CXX_LANGUAGE_STANDARD = "gnu++17";
				CLANG_CXX_LIBRARY = "libc++";
				CLANG_ENABLE_MODULES = YES;
				CLANG_ENABLE_OBJC_ARC = YES;
				CLANG_ENABLE_OBJC_WEAK = YES;
				CLANG_WARN_BLOCK_CAPTURE_AUTORELEASING = YES;
				CLANG_WARN_BOOL_CONVERSION = YES;
				CLANG_WARN_COMMA = YES;
				CLANG_WARN_CONSTANT_CONVERSION = YES;
				CLANG_WARN_DEPRECATED_OBJC_IMPLEMENTATIONS = YES;
				CLANG_WARN_DIRECT_OBJC_ISA_USAGE = YES_ERROR;
				CLANG_WARN_DOCUMENTATION_COMMENTS = YES;
				CLANG_WARN_EMPTY_BODY = YES;
				CLANG_WARN_ENUM_CONVERSION = YES;
				CLANG_WARN_INFINITE_RECURSION = YES;
				CLANG_WARN_INT_CONVERSION = YES;
				CLANG_WARN_NON_LITERAL_NULL_CONVERSION = YES;
				CLANG_WARN_OBJC_IMPLICIT_RETAIN_SELF = YES;
				CLANG_WARN_OBJC_LITERAL_CONVERSION = YES;
				CLANG_WARN_OBJC_ROOT_CLASS = YES_ERROR;
				CLANG_WARN_QUOTED_INCLUDE_IN_FRAMEWORK_HEADER = YES;
				CLANG_WARN_RANGE_LOOP_ANALYSIS = YES;
				CLANG_WARN_STRICT_PROTOTYPES = YES;
				CLANG_WARN_SUSPICIOUS_MOVE = YES;
				CLANG_WARN_UNGUARDED_AVAILABILITY = YES_AGGRESSIVE;
				CLANG_WARN_UNREACHABLE_CODE = YES;
				CLANG_WARN__DUPLICATE_METHOD_MATCH = YES;
				COPY_PHASE_STRIP = NO;
				DEBUG_INFORMATION_FORMAT = "dwarf-with-dsym";
				ENABLE_NS_ASSERTIONS = NO;
				ENABLE_STRICT_OBJC_MSGSEND = YES;
				GCC_C_LANGUAGE_STANDARD = gnu11;
				GCC_NO_COMMON_BLOCKS = YES;
				GCC_WARN_64_TO_32_BIT_CONVERSION = YES;
				GCC_WARN_ABOUT_RETURN_TYPE = YES_ERROR;
				GCC_WARN_UNDECLARED_SELECTOR = YES;
				GCC_WARN_UNINITIALIZED_AUTOS = YES_AGGRESSIVE;
				GCC_WARN_UNUSED_FUNCTION = YES;
				GCC_WARN_UNUSED_VARIABLE = YES;
				IPHONEOS_DEPLOYMENT_TARGET = 15.0;
				MTL_ENABLE_DEBUG_INFO = NO;
				MTL_FAST_MATH = YES;
				SDKROOT = iphoneos;
				SWIFT_COMPILATION_MODE = wholemodule;
				SWIFT_OPTIMIZATION_LEVEL = "-O";
				VALIDATE_PRODUCT = YES;
			};
			name = Release;
		};
		7127246D273101BE00175850 /* Debug */ = {
			isa = XCBuildConfiguration;
			buildSettings = {
				ASSETCATALOG_COMPILER_APPICON_NAME = AppIcon;
				ASSETCATALOG_COMPILER_GLOBAL_ACCENT_COLOR_NAME = AccentColor;
				CODE_SIGN_STYLE = Automatic;
				CURRENT_PROJECT_VERSION = 1;
				DEVELOPMENT_ASSET_PATHS = "\"NameCarder/Preview Content\"";
				DEVELOPMENT_TEAM = G6V85GALCN;
				ENABLE_PREVIEWS = YES;
				GENERATE_INFOPLIST_FILE = YES;
				INFOPLIST_KEY_NSCameraUsageDescription = "Need to access the camera to take photos";
				INFOPLIST_KEY_NSLocationWhenInUseUsageDescription = "Location services is needed to make list accurate";
				INFOPLIST_KEY_UIApplicationSceneManifest_Generation = YES;
				INFOPLIST_KEY_UIApplicationSupportsIndirectInputEvents = YES;
				INFOPLIST_KEY_UILaunchScreen_Generation = YES;
				INFOPLIST_KEY_UISupportedInterfaceOrientations_iPad = "UIInterfaceOrientationPortrait UIInterfaceOrientationPortraitUpsideDown UIInterfaceOrientationLandscapeLeft UIInterfaceOrientationLandscapeRight";
				INFOPLIST_KEY_UISupportedInterfaceOrientations_iPhone = "UIInterfaceOrientationPortrait UIInterfaceOrientationLandscapeLeft UIInterfaceOrientationLandscapeRight";
				LD_RUNPATH_SEARCH_PATHS = (
					"$(inherited)",
					"@executable_path/Frameworks",
				);
				MARKETING_VERSION = 1.0;
				PRODUCT_BUNDLE_IDENTIFIER = net.naolin.NameCarder;
				PRODUCT_NAME = "$(TARGET_NAME)";
				SWIFT_EMIT_LOC_STRINGS = YES;
				SWIFT_VERSION = 5.0;
				TARGETED_DEVICE_FAMILY = "1,2";
			};
			name = Debug;
		};
		7127246E273101BE00175850 /* Release */ = {
			isa = XCBuildConfiguration;
			buildSettings = {
				ASSETCATALOG_COMPILER_APPICON_NAME = AppIcon;
				ASSETCATALOG_COMPILER_GLOBAL_ACCENT_COLOR_NAME = AccentColor;
				CODE_SIGN_STYLE = Automatic;
				CURRENT_PROJECT_VERSION = 1;
				DEVELOPMENT_ASSET_PATHS = "\"NameCarder/Preview Content\"";
				DEVELOPMENT_TEAM = G6V85GALCN;
				ENABLE_PREVIEWS = YES;
				GENERATE_INFOPLIST_FILE = YES;
				INFOPLIST_KEY_NSCameraUsageDescription = "Need to access the camera to take photos";
				INFOPLIST_KEY_NSLocationWhenInUseUsageDescription = "Location services is needed to make list accurate";
				INFOPLIST_KEY_UIApplicationSceneManifest_Generation = YES;
				INFOPLIST_KEY_UIApplicationSupportsIndirectInputEvents = YES;
				INFOPLIST_KEY_UILaunchScreen_Generation = YES;
				INFOPLIST_KEY_UISupportedInterfaceOrientations_iPad = "UIInterfaceOrientationPortrait UIInterfaceOrientationPortraitUpsideDown UIInterfaceOrientationLandscapeLeft UIInterfaceOrientationLandscapeRight";
				INFOPLIST_KEY_UISupportedInterfaceOrientations_iPhone = "UIInterfaceOrientationPortrait UIInterfaceOrientationLandscapeLeft UIInterfaceOrientationLandscapeRight";
				LD_RUNPATH_SEARCH_PATHS = (
					"$(inherited)",
					"@executable_path/Frameworks",
				);
				MARKETING_VERSION = 1.0;
				PRODUCT_BUNDLE_IDENTIFIER = net.naolin.NameCarder;
				PRODUCT_NAME = "$(TARGET_NAME)";
				SWIFT_EMIT_LOC_STRINGS = YES;
				SWIFT_VERSION = 5.0;
				TARGETED_DEVICE_FAMILY = "1,2";
			};
			name = Release;
		};
/* End XCBuildConfiguration section */

/* Begin XCConfigurationList section */
		71272459273101BE00175850 /* Build configuration list for PBXProject "NameCarder" */ = {
			isa = XCConfigurationList;
			buildConfigurations = (
				7127246A273101BE00175850 /* Debug */,
				7127246B273101BE00175850 /* Release */,
			);
			defaultConfigurationIsVisible = 0;
			defaultConfigurationName = Release;
		};
		7127246C273101BE00175850 /* Build configuration list for PBXNativeTarget "NameCarder" */ = {
			isa = XCConfigurationList;
			buildConfigurations = (
				7127246D273101BE00175850 /* Debug */,
				7127246E273101BE00175850 /* Release */,
			);
			defaultConfigurationIsVisible = 0;
			defaultConfigurationName = Release;
		};
/* End XCConfigurationList section */

/* Begin XCVersionGroup section */
		71F545E42731221A0030812A /* Model.xcdatamodeld */ = {
			isa = XCVersionGroup;
			children = (
				71F545E52731221A0030812A /* Person.xcdatamodel */,
			);
			currentVersion = 71F545E52731221A0030812A /* Person.xcdatamodel */;
			path = Model.xcdatamodeld;
			sourceTree = "<group>";
			versionGroupType = wrapper.xcdatamodel;
		};
/* End XCVersionGroup section */
	};
	rootObject = 71272456273101BE00175850 /* Project object */;
}
